
Microsoft Visual Studio Solution File, Format Version 9.00
# Visual Studio 2005
Project("{8BC9CEB8-8B4A-11D0-8D11-00A0C91BC942}") = "csl", "src\csl.vcproj", "{D5AE8284-7BC8-4FE3-89D3-2E737696DEAB}"
	ProjectSection(ProjectDependencies) = postProject
		{79D4FC1B-68B3-4AC6-B365-2342DCC2619E} = {79D4FC1B-68B3-4AC6-B365-2342DCC2619E}
		{87286ED5-C3A4-4C08-A9DF-E573E7742A4E} = {87286ED5-C3A4-4C08-A9DF-E573E7742A4E}
		{0A159793-F9FA-4587-A957-FC94D03F2612} = {0A159793-F9FA-4587-A957-FC94D03F2612}
		{108636DF-E7B8-47C7-8927-2AFD2ED24887} = {108636DF-E7B8-47C7-8927-2AFD2ED24887}
		{873EC02B-2792-47FD-B7F0-E5F199A11F56} = {873EC02B-2792-47FD-B7F0-E5F199A11F56}
	EndProjectSection
EndProject
Project("{8BC9CEB8-8B4A-11D0-8D11-00A0C91BC942}") = "cslmapcfgtool", "src\cslmapcfgtool.vcproj", "{E2D6E559-1BBC-49A9-81E0-F9C45B0F9185}"
	ProjectSection(ProjectDependencies) = postProject
		{873EC02B-2792-47FD-B7F0-E5F199A11F56} = {873EC02B-2792-47FD-B7F0-E5F199A11F56}
		{108636DF-E7B8-47C7-8927-2AFD2ED24887} = {108636DF-E7B8-47C7-8927-2AFD2ED24887}
	EndProjectSection
EndProject
Project("{8BC9CEB8-8B4A-11D0-8D11-00A0C91BC942}") = "engine", "src\engine\engine.vcproj", "{0A159793-F9FA-4587-A957-FC94D03F2612}"
	ProjectSection(ProjectDependencies) = postProject
		{108636DF-E7B8-47C7-8927-2AFD2ED24887} = {108636DF-E7B8-47C7-8927-2AFD2ED24887}
	EndProjectSection
EndProject
Project("{8BC9CEB8-8B4A-11D0-8D11-00A0C91BC942}") = "tools", "src\engine\tools.vcproj", "{108636DF-E7B8-47C7-8927-2AFD2ED24887}"
EndProject
Project("{8BC9CEB8-8B4A-11D0-8D11-00A0C91BC942}") = "panelmap", "src\panelmap.vcproj", "{873EC02B-2792-47FD-B7F0-E5F199A11F56}"
EndProject
Project("{8BC9CEB8-8B4A-11D0-8D11-00A0C91BC942}") = "libirclient", "src\irc\libircclient\src\libirclient.vcproj", "{79D4FC1B-68B3-4AC6-B365-2342DCC2619E}"
EndProject
Project("{8BC9CEB8-8B4A-11D0-8D11-00A0C91BC942}") = "libgeoip", "src\libGeoIP\libgeoip.vcproj", "{87286ED5-C3A4-4C08-A9DF-E573E7742A4E}"
EndProject
Global
	GlobalSection(SolutionConfigurationPlatforms) = preSolution
		Debug|Win32 = Debug|Win32
		Release|Win32 = Release|Win32
		Unicode-Debug|Win32 = Unicode-Debug|Win32
		Unicode-Release|Win32 = Unicode-Release|Win32
	EndGlobalSection
	GlobalSection(ProjectConfigurationPlatforms) = postSolution
		{D5AE8284-7BC8-4FE3-89D3-2E737696DEAB}.Debug|Win32.ActiveCfg = Debug|Win32
		{D5AE8284-7BC8-4FE3-89D3-2E737696DEAB}.Debug|Win32.Build.0 = Debug|Win32
		{D5AE8284-7BC8-4FE3-89D3-2E737696DEAB}.Release|Win32.ActiveCfg = Release|Win32
		{D5AE8284-7BC8-4FE3-89D3-2E737696DEAB}.Release|Win32.Build.0 = Release|Win32
		{D5AE8284-7BC8-4FE3-89D3-2E737696DEAB}.Unicode-Debug|Win32.ActiveCfg = Unicode-Debug|Win32
		{D5AE8284-7BC8-4FE3-89D3-2E737696DEAB}.Unicode-Debug|Win32.Build.0 = Unicode-Debug|Win32
		{D5AE8284-7BC8-4FE3-89D3-2E737696DEAB}.Unicode-Release|Win32.ActiveCfg = Unicode-Release|Win32
		{D5AE8284-7BC8-4FE3-89D3-2E737696DEAB}.Unicode-Release|Win32.Build.0 = Unicode-Release|Win32
		{E2D6E559-1BBC-49A9-81E0-F9C45B0F9185}.Debug|Win32.ActiveCfg = Debug|Win32
		{E2D6E559-1BBC-49A9-81E0-F9C45B0F9185}.Debug|Win32.Build.0 = Debug|Win32
		{E2D6E559-1BBC-49A9-81E0-F9C45B0F9185}.Release|Win32.ActiveCfg = Release|Win32
		{E2D6E559-1BBC-49A9-81E0-F9C45B0F9185}.Release|Win32.Build.0 = Release|Win32
		{E2D6E559-1BBC-49A9-81E0-F9C45B0F9185}.Unicode-Debug|Win32.ActiveCfg = Unicode-Debug|Win32
		{E2D6E559-1BBC-49A9-81E0-F9C45B0F9185}.Unicode-Debug|Win32.Build.0 = Unicode-Debug|Win32
		{E2D6E559-1BBC-49A9-81E0-F9C45B0F9185}.Unicode-Release|Win32.ActiveCfg = Unicode-Release|Win32
		{E2D6E559-1BBC-49A9-81E0-F9C45B0F9185}.Unicode-Release|Win32.Build.0 = Unicode-Release|Win32
		{0A159793-F9FA-4587-A957-FC94D03F2612}.Debug|Win32.ActiveCfg = Debug|Win32
		{0A159793-F9FA-4587-A957-FC94D03F2612}.Debug|Win32.Build.0 = Debug|Win32
		{0A159793-F9FA-4587-A957-FC94D03F2612}.Release|Win32.ActiveCfg = Release|Win32
		{0A159793-F9FA-4587-A957-FC94D03F2612}.Release|Win32.Build.0 = Release|Win32
		{0A159793-F9FA-4587-A957-FC94D03F2612}.Unicode-Debug|Win32.ActiveCfg = Unicode-Debug|Win32
		{0A159793-F9FA-4587-A957-FC94D03F2612}.Unicode-Debug|Win32.Build.0 = Unicode-Debug|Win32
		{0A159793-F9FA-4587-A957-FC94D03F2612}.Unicode-Release|Win32.ActiveCfg = Unicode-Release|Win32
		{0A159793-F9FA-4587-A957-FC94D03F2612}.Unicode-Release|Win32.Build.0 = Unicode-Release|Win32
		{108636DF-E7B8-47C7-8927-2AFD2ED24887}.Debug|Win32.ActiveCfg = Debug|Win32
		{108636DF-E7B8-47C7-8927-2AFD2ED24887}.Debug|Win32.Build.0 = Debug|Win32
		{108636DF-E7B8-47C7-8927-2AFD2ED24887}.Release|Win32.ActiveCfg = Release|Win32
		{108636DF-E7B8-47C7-8927-2AFD2ED24887}.Release|Win32.Build.0 = Release|Win32
		{108636DF-E7B8-47C7-8927-2AFD2ED24887}.Unicode-Debug|Win32.ActiveCfg = Unicode-Debug|Win32
		{108636DF-E7B8-47C7-8927-2AFD2ED24887}.Unicode-Debug|Win32.Build.0 = Unicode-Debug|Win32
		{108636DF-E7B8-47C7-8927-2AFD2ED24887}.Unicode-Release|Win32.ActiveCfg = Unicode-Release|Win32
		{108636DF-E7B8-47C7-8927-2AFD2ED24887}.Unicode-Release|Win32.Build.0 = Unicode-Release|Win32
		{873EC02B-2792-47FD-B7F0-E5F199A11F56}.Debug|Win32.ActiveCfg = Debug|Win32
		{873EC02B-2792-47FD-B7F0-E5F199A11F56}.Debug|Win32.Build.0 = Debug|Win32
		{873EC02B-2792-47FD-B7F0-E5F199A11F56}.Release|Win32.ActiveCfg = Release|Win32
		{873EC02B-2792-47FD-B7F0-E5F199A11F56}.Release|Win32.Build.0 = Release|Win32
		{873EC02B-2792-47FD-B7F0-E5F199A11F56}.Unicode-Debug|Win32.ActiveCfg = Unicode-Debug|Win32
		{873EC02B-2792-47FD-B7F0-E5F199A11F56}.Unicode-Debug|Win32.Build.0 = Unicode-Debug|Win32
		{873EC02B-2792-47FD-B7F0-E5F199A11F56}.Unicode-Release|Win32.ActiveCfg = Unicode-Release|Win32
		{873EC02B-2792-47FD-B7F0-E5F199A11F56}.Unicode-Release|Win32.Build.0 = Unicode-Release|Win32
		{79D4FC1B-68B3-4AC6-B365-2342DCC2619E}.Debug|Win32.ActiveCfg = Debug|Win32
		{79D4FC1B-68B3-4AC6-B365-2342DCC2619E}.Debug|Win32.Build.0 = Debug|Win32
		{79D4FC1B-68B3-4AC6-B365-2342DCC2619E}.Release|Win32.ActiveCfg = Release|Win32
		{79D4FC1B-68B3-4AC6-B365-2342DCC2619E}.Release|Win32.Build.0 = Release|Win32
		{79D4FC1B-68B3-4AC6-B365-2342DCC2619E}.Unicode-Debug|Win32.ActiveCfg = Unicode-Debug|Win32
		{79D4FC1B-68B3-4AC6-B365-2342DCC2619E}.Unicode-Debug|Win32.Build.0 = Unicode-Debug|Win32
		{79D4FC1B-68B3-4AC6-B365-2342DCC2619E}.Unicode-Release|Win32.ActiveCfg = Unicode-Release|Win32
		{79D4FC1B-68B3-4AC6-B365-2342DCC2619E}.Unicode-Release|Win32.Build.0 = Unicode-Release|Win32
		{87286ED5-C3A4-4C08-A9DF-E573E7742A4E}.Debug|Win32.ActiveCfg = Debug|Win32
		{87286ED5-C3A4-4C08-A9DF-E573E7742A4E}.Debug|Win32.Build.0 = Debug|Win32
		{87286ED5-C3A4-4C08-A9DF-E573E7742A4E}.Release|Win32.ActiveCfg = Release|Win32
		{87286ED5-C3A4-4C08-A9DF-E573E7742A4E}.Release|Win32.Build.0 = Release|Win32
		{87286ED5-C3A4-4C08-A9DF-E573E7742A4E}.Unicode-Debug|Win32.ActiveCfg = Unicode-Debug|Win32
		{87286ED5-C3A4-4C08-A9DF-E573E7742A4E}.Unicode-Debug|Win32.Build.0 = Unicode-Debug|Win32
		{87286ED5-C3A4-4C08-A9DF-E573E7742A4E}.Unicode-Release|Win32.ActiveCfg = Unicode-Release|Win32
		{87286ED5-C3A4-4C08-A9DF-E573E7742A4E}.Unicode-Release|Win32.Build.0 = Unicode-Release|Win32
	EndGlobalSection
	GlobalSection(SolutionProperties) = preSolution
		HideSolutionNode = FALSE
	EndGlobalSection
EndGlobal
