
Microsoft Visual Studio Solution File, Format Version 11.00
# Visual Studio 2010
Project("{8BC9CEB8-8B4A-11D0-8D11-00A0C91BC942}") = "csl", "src\csl.vcxproj", "{D5AE8284-7BC8-4FE3-89D3-2E737696DEAB}"
	ProjectSection(ProjectDependencies) = postProject
		{BCF3B50A-CEE2-4EB5-ABCC-8C3DC0FCD576} = {BCF3B50A-CEE2-4EB5-ABCC-8C3DC0FCD576}
		{A332522B-DA2C-4A2A-B166-C8368BEFD1AE} = {A332522B-DA2C-4A2A-B166-C8368BEFD1AE}
		{9BCD832B-56A9-4DDE-9DB2-16DC03EFFFCA} = {9BCD832B-56A9-4DDE-9DB2-16DC03EFFFCA}
		{D82353C4-CE09-4350-95D4-D9A8D7CBC4AD} = {D82353C4-CE09-4350-95D4-D9A8D7CBC4AD}
	EndProjectSection
EndProject
Project("{8BC9CEB8-8B4A-11D0-8D11-00A0C91BC942}") = "cslmapcfgtool", "src\cslmapcfgtool.vcxproj", "{E2D6E559-1BBC-49A9-81E0-F9C45B0F9185}"
	ProjectSection(ProjectDependencies) = postProject
		{D5AE8284-7BC8-4FE3-89D3-2E737696DEAB} = {D5AE8284-7BC8-4FE3-89D3-2E737696DEAB}
	EndProjectSection
EndProject
Project("{8BC9CEB8-8B4A-11D0-8D11-00A0C91BC942}") = "dll_cslengine", "src\engine\cslengine.vcxproj", "{0A159793-F9FA-4587-A957-FC94D03F2612}"
EndProject
Project("{8BC9CEB8-8B4A-11D0-8D11-00A0C91BC942}") = "dll_csltools", "src\engine\tools\csltools.vcxproj", "{157157E1-39E5-420B-918D-ED1F7CB9C78D}"
EndProject
Project("{8BC9CEB8-8B4A-11D0-8D11-00A0C91BC942}") = "lib_libgeoip", "src\external\libGeoIP\libgeoip.vcxproj", "{87286ED5-C3A4-4C08-A9DF-E573E7742A4E}"
EndProject
Project("{8BC9CEB8-8B4A-11D0-8D11-00A0C91BC942}") = "dll_cslplugin", "src\plugin\cslplugin.vcxproj", "{A2B679B2-8C10-4DCF-A07C-0DD6F71F5921}"
EndProject
Project("{8BC9CEB8-8B4A-11D0-8D11-00A0C91BC942}") = "plugin_assaultcube", "src\plugins\assaultcube\assaultcube.vcxproj", "{9BCD832B-56A9-4DDE-9DB2-16DC03EFFFCA}"
EndProject
Project("{8BC9CEB8-8B4A-11D0-8D11-00A0C91BC942}") = "plugin_cube", "src\plugins\cube\cube.vcxproj", "{BCF3B50A-CEE2-4EB5-ABCC-8C3DC0FCD576}"
EndProject
Project("{8BC9CEB8-8B4A-11D0-8D11-00A0C91BC942}") = "plugin_redeclipse", "src\plugins\redeclipse\redeclipse.vcxproj", "{A332522B-DA2C-4A2A-B166-C8368BEFD1AE}"
EndProject
Project("{8BC9CEB8-8B4A-11D0-8D11-00A0C91BC942}") = "plugin_sauerbraten", "src\plugins\sauerbraten\sauerbraten.vcxproj", "{D82353C4-CE09-4350-95D4-D9A8D7CBC4AD}"
EndProject
Project("{8BC9CEB8-8B4A-11D0-8D11-00A0C91BC942}") = "dll_cslguitools", "src\tools\cslguitools.vcxproj", "{873EC02B-2792-47FD-B7F0-E5F199A11F56}"
EndProject
Project("{8BC9CEB8-8B4A-11D0-8D11-00A0C91BC942}") = "plugingui_playertracker", "src\plugins\playertracker\playertracker.vcxproj", "{796989EF-B73D-4B57-B6C1-A69FD4E5A011}"
EndProject
Global
	GlobalSection(SolutionConfigurationPlatforms) = preSolution
		Debug|Win32 = Debug|Win32
		Debug-wx3|Win32 = Debug-wx3|Win32
		Profile|Win32 = Profile|Win32
		Profile-wx3|Win32 = Profile-wx3|Win32
		Release|Win32 = Release|Win32
		Release-wx3|Win32 = Release-wx3|Win32
	EndGlobalSection
	GlobalSection(ProjectConfigurationPlatforms) = postSolution
		{D5AE8284-7BC8-4FE3-89D3-2E737696DEAB}.Debug|Win32.ActiveCfg = Debug|Win32
		{D5AE8284-7BC8-4FE3-89D3-2E737696DEAB}.Debug|Win32.Build.0 = Debug|Win32
		{D5AE8284-7BC8-4FE3-89D3-2E737696DEAB}.Debug-wx3|Win32.ActiveCfg = Debug-wx3|Win32
		{D5AE8284-7BC8-4FE3-89D3-2E737696DEAB}.Debug-wx3|Win32.Build.0 = Debug-wx3|Win32
		{D5AE8284-7BC8-4FE3-89D3-2E737696DEAB}.Profile|Win32.ActiveCfg = Profile|Win32
		{D5AE8284-7BC8-4FE3-89D3-2E737696DEAB}.Profile|Win32.Build.0 = Profile|Win32
		{D5AE8284-7BC8-4FE3-89D3-2E737696DEAB}.Profile-wx3|Win32.ActiveCfg = Profile-wx3|Win32
		{D5AE8284-7BC8-4FE3-89D3-2E737696DEAB}.Profile-wx3|Win32.Build.0 = Profile-wx3|Win32
		{D5AE8284-7BC8-4FE3-89D3-2E737696DEAB}.Release|Win32.ActiveCfg = Release|Win32
		{D5AE8284-7BC8-4FE3-89D3-2E737696DEAB}.Release|Win32.Build.0 = Release|Win32
		{D5AE8284-7BC8-4FE3-89D3-2E737696DEAB}.Release-wx3|Win32.ActiveCfg = Release-wx3|Win32
		{D5AE8284-7BC8-4FE3-89D3-2E737696DEAB}.Release-wx3|Win32.Build.0 = Release-wx3|Win32
		{E2D6E559-1BBC-49A9-81E0-F9C45B0F9185}.Debug|Win32.ActiveCfg = Debug|Win32
		{E2D6E559-1BBC-49A9-81E0-F9C45B0F9185}.Debug|Win32.Build.0 = Debug|Win32
		{E2D6E559-1BBC-49A9-81E0-F9C45B0F9185}.Debug-wx3|Win32.ActiveCfg = Debug-wx3|Win32
		{E2D6E559-1BBC-49A9-81E0-F9C45B0F9185}.Debug-wx3|Win32.Build.0 = Debug-wx3|Win32
		{E2D6E559-1BBC-49A9-81E0-F9C45B0F9185}.Profile|Win32.ActiveCfg = Profile|Win32
		{E2D6E559-1BBC-49A9-81E0-F9C45B0F9185}.Profile|Win32.Build.0 = Profile|Win32
		{E2D6E559-1BBC-49A9-81E0-F9C45B0F9185}.Profile-wx3|Win32.ActiveCfg = Profile-wx3|Win32
		{E2D6E559-1BBC-49A9-81E0-F9C45B0F9185}.Profile-wx3|Win32.Build.0 = Profile-wx3|Win32
		{E2D6E559-1BBC-49A9-81E0-F9C45B0F9185}.Release|Win32.ActiveCfg = Release|Win32
		{E2D6E559-1BBC-49A9-81E0-F9C45B0F9185}.Release|Win32.Build.0 = Release|Win32
		{E2D6E559-1BBC-49A9-81E0-F9C45B0F9185}.Release-wx3|Win32.ActiveCfg = Release-wx3|Win32
		{E2D6E559-1BBC-49A9-81E0-F9C45B0F9185}.Release-wx3|Win32.Build.0 = Release-wx3|Win32
		{0A159793-F9FA-4587-A957-FC94D03F2612}.Debug|Win32.ActiveCfg = Debug|Win32
		{0A159793-F9FA-4587-A957-FC94D03F2612}.Debug|Win32.Build.0 = Debug|Win32
		{0A159793-F9FA-4587-A957-FC94D03F2612}.Debug-wx3|Win32.ActiveCfg = Debug-wx3|Win32
		{0A159793-F9FA-4587-A957-FC94D03F2612}.Debug-wx3|Win32.Build.0 = Debug-wx3|Win32
		{0A159793-F9FA-4587-A957-FC94D03F2612}.Profile|Win32.ActiveCfg = Profile|Win32
		{0A159793-F9FA-4587-A957-FC94D03F2612}.Profile|Win32.Build.0 = Profile|Win32
		{0A159793-F9FA-4587-A957-FC94D03F2612}.Profile-wx3|Win32.ActiveCfg = Profile-wx3|Win32
		{0A159793-F9FA-4587-A957-FC94D03F2612}.Profile-wx3|Win32.Build.0 = Profile-wx3|Win32
		{0A159793-F9FA-4587-A957-FC94D03F2612}.Release|Win32.ActiveCfg = Release|Win32
		{0A159793-F9FA-4587-A957-FC94D03F2612}.Release|Win32.Build.0 = Release|Win32
		{0A159793-F9FA-4587-A957-FC94D03F2612}.Release-wx3|Win32.ActiveCfg = Release-wx3|Win32
		{0A159793-F9FA-4587-A957-FC94D03F2612}.Release-wx3|Win32.Build.0 = Release-wx3|Win32
		{157157E1-39E5-420B-918D-ED1F7CB9C78D}.Debug|Win32.ActiveCfg = Debug|Win32
		{157157E1-39E5-420B-918D-ED1F7CB9C78D}.Debug|Win32.Build.0 = Debug|Win32
		{157157E1-39E5-420B-918D-ED1F7CB9C78D}.Debug-wx3|Win32.ActiveCfg = Debug-wx3|Win32
		{157157E1-39E5-420B-918D-ED1F7CB9C78D}.Debug-wx3|Win32.Build.0 = Debug-wx3|Win32
		{157157E1-39E5-420B-918D-ED1F7CB9C78D}.Profile|Win32.ActiveCfg = Profile|Win32
		{157157E1-39E5-420B-918D-ED1F7CB9C78D}.Profile|Win32.Build.0 = Profile|Win32
		{157157E1-39E5-420B-918D-ED1F7CB9C78D}.Profile-wx3|Win32.ActiveCfg = Profile-wx3|Win32
		{157157E1-39E5-420B-918D-ED1F7CB9C78D}.Profile-wx3|Win32.Build.0 = Profile-wx3|Win32
		{157157E1-39E5-420B-918D-ED1F7CB9C78D}.Release|Win32.ActiveCfg = Release|Win32
		{157157E1-39E5-420B-918D-ED1F7CB9C78D}.Release|Win32.Build.0 = Release|Win32
		{157157E1-39E5-420B-918D-ED1F7CB9C78D}.Release-wx3|Win32.ActiveCfg = Release-wx3|Win32
		{157157E1-39E5-420B-918D-ED1F7CB9C78D}.Release-wx3|Win32.Build.0 = Release-wx3|Win32
		{87286ED5-C3A4-4C08-A9DF-E573E7742A4E}.Debug|Win32.ActiveCfg = Debug|Win32
		{87286ED5-C3A4-4C08-A9DF-E573E7742A4E}.Debug|Win32.Build.0 = Debug|Win32
		{87286ED5-C3A4-4C08-A9DF-E573E7742A4E}.Debug-wx3|Win32.ActiveCfg = Debug-wx3|Win32
		{87286ED5-C3A4-4C08-A9DF-E573E7742A4E}.Debug-wx3|Win32.Build.0 = Debug-wx3|Win32
		{87286ED5-C3A4-4C08-A9DF-E573E7742A4E}.Profile|Win32.ActiveCfg = Profile|Win32
		{87286ED5-C3A4-4C08-A9DF-E573E7742A4E}.Profile|Win32.Build.0 = Profile|Win32
		{87286ED5-C3A4-4C08-A9DF-E573E7742A4E}.Profile-wx3|Win32.ActiveCfg = Profile-wx3|Win32
		{87286ED5-C3A4-4C08-A9DF-E573E7742A4E}.Profile-wx3|Win32.Build.0 = Profile-wx3|Win32
		{87286ED5-C3A4-4C08-A9DF-E573E7742A4E}.Release|Win32.ActiveCfg = Release|Win32
		{87286ED5-C3A4-4C08-A9DF-E573E7742A4E}.Release|Win32.Build.0 = Release|Win32
		{87286ED5-C3A4-4C08-A9DF-E573E7742A4E}.Release-wx3|Win32.ActiveCfg = Release-wx3|Win32
		{87286ED5-C3A4-4C08-A9DF-E573E7742A4E}.Release-wx3|Win32.Build.0 = Release-wx3|Win32
		{A2B679B2-8C10-4DCF-A07C-0DD6F71F5921}.Debug|Win32.ActiveCfg = Debug|Win32
		{A2B679B2-8C10-4DCF-A07C-0DD6F71F5921}.Debug|Win32.Build.0 = Debug|Win32
		{A2B679B2-8C10-4DCF-A07C-0DD6F71F5921}.Debug-wx3|Win32.ActiveCfg = Debug-wx3|Win32
		{A2B679B2-8C10-4DCF-A07C-0DD6F71F5921}.Debug-wx3|Win32.Build.0 = Debug-wx3|Win32
		{A2B679B2-8C10-4DCF-A07C-0DD6F71F5921}.Profile|Win32.ActiveCfg = Profile|Win32
		{A2B679B2-8C10-4DCF-A07C-0DD6F71F5921}.Profile|Win32.Build.0 = Profile|Win32
		{A2B679B2-8C10-4DCF-A07C-0DD6F71F5921}.Profile-wx3|Win32.ActiveCfg = Profile-wx3|Win32
		{A2B679B2-8C10-4DCF-A07C-0DD6F71F5921}.Profile-wx3|Win32.Build.0 = Profile-wx3|Win32
		{A2B679B2-8C10-4DCF-A07C-0DD6F71F5921}.Release|Win32.ActiveCfg = Release|Win32
		{A2B679B2-8C10-4DCF-A07C-0DD6F71F5921}.Release|Win32.Build.0 = Release|Win32
		{A2B679B2-8C10-4DCF-A07C-0DD6F71F5921}.Release-wx3|Win32.ActiveCfg = Release-wx3|Win32
		{A2B679B2-8C10-4DCF-A07C-0DD6F71F5921}.Release-wx3|Win32.Build.0 = Release-wx3|Win32
		{9BCD832B-56A9-4DDE-9DB2-16DC03EFFFCA}.Debug|Win32.ActiveCfg = Debug|Win32
		{9BCD832B-56A9-4DDE-9DB2-16DC03EFFFCA}.Debug|Win32.Build.0 = Debug|Win32
		{9BCD832B-56A9-4DDE-9DB2-16DC03EFFFCA}.Debug-wx3|Win32.ActiveCfg = Debug-wx3|Win32
		{9BCD832B-56A9-4DDE-9DB2-16DC03EFFFCA}.Debug-wx3|Win32.Build.0 = Debug-wx3|Win32
		{9BCD832B-56A9-4DDE-9DB2-16DC03EFFFCA}.Profile|Win32.ActiveCfg = Profile|Win32
		{9BCD832B-56A9-4DDE-9DB2-16DC03EFFFCA}.Profile|Win32.Build.0 = Profile|Win32
		{9BCD832B-56A9-4DDE-9DB2-16DC03EFFFCA}.Profile-wx3|Win32.ActiveCfg = Profile-wx3|Win32
		{9BCD832B-56A9-4DDE-9DB2-16DC03EFFFCA}.Profile-wx3|Win32.Build.0 = Profile-wx3|Win32
		{9BCD832B-56A9-4DDE-9DB2-16DC03EFFFCA}.Release|Win32.ActiveCfg = Release|Win32
		{9BCD832B-56A9-4DDE-9DB2-16DC03EFFFCA}.Release|Win32.Build.0 = Release|Win32
		{9BCD832B-56A9-4DDE-9DB2-16DC03EFFFCA}.Release-wx3|Win32.ActiveCfg = Release-wx3|Win32
		{9BCD832B-56A9-4DDE-9DB2-16DC03EFFFCA}.Release-wx3|Win32.Build.0 = Release-wx3|Win32
		{BCF3B50A-CEE2-4EB5-ABCC-8C3DC0FCD576}.Debug|Win32.ActiveCfg = Debug|Win32
		{BCF3B50A-CEE2-4EB5-ABCC-8C3DC0FCD576}.Debug|Win32.Build.0 = Debug|Win32
		{BCF3B50A-CEE2-4EB5-ABCC-8C3DC0FCD576}.Debug-wx3|Win32.ActiveCfg = Debug-wx3|Win32
		{BCF3B50A-CEE2-4EB5-ABCC-8C3DC0FCD576}.Debug-wx3|Win32.Build.0 = Debug-wx3|Win32
		{BCF3B50A-CEE2-4EB5-ABCC-8C3DC0FCD576}.Profile|Win32.ActiveCfg = Profile|Win32
		{BCF3B50A-CEE2-4EB5-ABCC-8C3DC0FCD576}.Profile|Win32.Build.0 = Profile|Win32
		{BCF3B50A-CEE2-4EB5-ABCC-8C3DC0FCD576}.Profile-wx3|Win32.ActiveCfg = Profile-wx3|Win32
		{BCF3B50A-CEE2-4EB5-ABCC-8C3DC0FCD576}.Profile-wx3|Win32.Build.0 = Profile-wx3|Win32
		{BCF3B50A-CEE2-4EB5-ABCC-8C3DC0FCD576}.Release|Win32.ActiveCfg = Release|Win32
		{BCF3B50A-CEE2-4EB5-ABCC-8C3DC0FCD576}.Release|Win32.Build.0 = Release|Win32
		{BCF3B50A-CEE2-4EB5-ABCC-8C3DC0FCD576}.Release-wx3|Win32.ActiveCfg = Release-wx3|Win32
		{BCF3B50A-CEE2-4EB5-ABCC-8C3DC0FCD576}.Release-wx3|Win32.Build.0 = Release-wx3|Win32
		{A332522B-DA2C-4A2A-B166-C8368BEFD1AE}.Debug|Win32.ActiveCfg = Debug|Win32
		{A332522B-DA2C-4A2A-B166-C8368BEFD1AE}.Debug|Win32.Build.0 = Debug|Win32
		{A332522B-DA2C-4A2A-B166-C8368BEFD1AE}.Debug-wx3|Win32.ActiveCfg = Debug-wx3|Win32
		{A332522B-DA2C-4A2A-B166-C8368BEFD1AE}.Debug-wx3|Win32.Build.0 = Debug-wx3|Win32
		{A332522B-DA2C-4A2A-B166-C8368BEFD1AE}.Profile|Win32.ActiveCfg = Profile|Win32
		{A332522B-DA2C-4A2A-B166-C8368BEFD1AE}.Profile|Win32.Build.0 = Profile|Win32
		{A332522B-DA2C-4A2A-B166-C8368BEFD1AE}.Profile-wx3|Win32.ActiveCfg = Profile-wx3|Win32
		{A332522B-DA2C-4A2A-B166-C8368BEFD1AE}.Profile-wx3|Win32.Build.0 = Profile-wx3|Win32
		{A332522B-DA2C-4A2A-B166-C8368BEFD1AE}.Release|Win32.ActiveCfg = Release|Win32
		{A332522B-DA2C-4A2A-B166-C8368BEFD1AE}.Release|Win32.Build.0 = Release|Win32
		{A332522B-DA2C-4A2A-B166-C8368BEFD1AE}.Release-wx3|Win32.ActiveCfg = Release-wx3|Win32
		{A332522B-DA2C-4A2A-B166-C8368BEFD1AE}.Release-wx3|Win32.Build.0 = Release-wx3|Win32
		{D82353C4-CE09-4350-95D4-D9A8D7CBC4AD}.Debug|Win32.ActiveCfg = Debug|Win32
		{D82353C4-CE09-4350-95D4-D9A8D7CBC4AD}.Debug|Win32.Build.0 = Debug|Win32
		{D82353C4-CE09-4350-95D4-D9A8D7CBC4AD}.Debug-wx3|Win32.ActiveCfg = Debug-wx3|Win32
		{D82353C4-CE09-4350-95D4-D9A8D7CBC4AD}.Debug-wx3|Win32.Build.0 = Debug-wx3|Win32
		{D82353C4-CE09-4350-95D4-D9A8D7CBC4AD}.Profile|Win32.ActiveCfg = Profile|Win32
		{D82353C4-CE09-4350-95D4-D9A8D7CBC4AD}.Profile|Win32.Build.0 = Profile|Win32
		{D82353C4-CE09-4350-95D4-D9A8D7CBC4AD}.Profile-wx3|Win32.ActiveCfg = Profile-wx3|Win32
		{D82353C4-CE09-4350-95D4-D9A8D7CBC4AD}.Profile-wx3|Win32.Build.0 = Profile-wx3|Win32
		{D82353C4-CE09-4350-95D4-D9A8D7CBC4AD}.Release|Win32.ActiveCfg = Release|Win32
		{D82353C4-CE09-4350-95D4-D9A8D7CBC4AD}.Release|Win32.Build.0 = Release|Win32
		{D82353C4-CE09-4350-95D4-D9A8D7CBC4AD}.Release-wx3|Win32.ActiveCfg = Release-wx3|Win32
		{D82353C4-CE09-4350-95D4-D9A8D7CBC4AD}.Release-wx3|Win32.Build.0 = Release-wx3|Win32
		{873EC02B-2792-47FD-B7F0-E5F199A11F56}.Debug|Win32.ActiveCfg = Debug|Win32
		{873EC02B-2792-47FD-B7F0-E5F199A11F56}.Debug|Win32.Build.0 = Debug|Win32
		{873EC02B-2792-47FD-B7F0-E5F199A11F56}.Debug-wx3|Win32.ActiveCfg = Debug-wx3|Win32
		{873EC02B-2792-47FD-B7F0-E5F199A11F56}.Debug-wx3|Win32.Build.0 = Debug-wx3|Win32
		{873EC02B-2792-47FD-B7F0-E5F199A11F56}.Profile|Win32.ActiveCfg = Profile|Win32
		{873EC02B-2792-47FD-B7F0-E5F199A11F56}.Profile|Win32.Build.0 = Profile|Win32
		{873EC02B-2792-47FD-B7F0-E5F199A11F56}.Profile-wx3|Win32.ActiveCfg = Profile-wx3|Win32
		{873EC02B-2792-47FD-B7F0-E5F199A11F56}.Profile-wx3|Win32.Build.0 = Profile-wx3|Win32
		{873EC02B-2792-47FD-B7F0-E5F199A11F56}.Release|Win32.ActiveCfg = Release|Win32
		{873EC02B-2792-47FD-B7F0-E5F199A11F56}.Release|Win32.Build.0 = Release|Win32
		{873EC02B-2792-47FD-B7F0-E5F199A11F56}.Release-wx3|Win32.ActiveCfg = Release-wx3|Win32
		{873EC02B-2792-47FD-B7F0-E5F199A11F56}.Release-wx3|Win32.Build.0 = Release-wx3|Win32
		{796989EF-B73D-4B57-B6C1-A69FD4E5A011}.Debug|Win32.ActiveCfg = Debug|Win32
		{796989EF-B73D-4B57-B6C1-A69FD4E5A011}.Debug|Win32.Build.0 = Debug|Win32
		{796989EF-B73D-4B57-B6C1-A69FD4E5A011}.Debug-wx3|Win32.ActiveCfg = Debug-wx3|Win32
		{796989EF-B73D-4B57-B6C1-A69FD4E5A011}.Debug-wx3|Win32.Build.0 = Debug-wx3|Win32
		{796989EF-B73D-4B57-B6C1-A69FD4E5A011}.Profile|Win32.ActiveCfg = Profile|Win32
		{796989EF-B73D-4B57-B6C1-A69FD4E5A011}.Profile|Win32.Build.0 = Profile|Win32
		{796989EF-B73D-4B57-B6C1-A69FD4E5A011}.Profile-wx3|Win32.ActiveCfg = Profile-wx3|Win32
		{796989EF-B73D-4B57-B6C1-A69FD4E5A011}.Profile-wx3|Win32.Build.0 = Profile-wx3|Win32
		{796989EF-B73D-4B57-B6C1-A69FD4E5A011}.Release|Win32.ActiveCfg = Release|Win32
		{796989EF-B73D-4B57-B6C1-A69FD4E5A011}.Release|Win32.Build.0 = Release|Win32
		{796989EF-B73D-4B57-B6C1-A69FD4E5A011}.Release-wx3|Win32.ActiveCfg = Release-wx3|Win32
		{796989EF-B73D-4B57-B6C1-A69FD4E5A011}.Release-wx3|Win32.Build.0 = Release-wx3|Win32
	EndGlobalSection
	GlobalSection(SolutionProperties) = preSolution
		HideSolutionNode = FALSE
	EndGlobalSection
EndGlobal
