<?xml version="1.0" encoding="utf-8"?>
<Project ToolsVersion="4.0" xmlns="http://schemas.microsoft.com/developer/msbuild/2003">
  <ItemGroup>
    <Filter Include="Source">
      <UniqueIdentifier>{4FC737F1-C7A5-4376-A066-2A32D752A2FF}</UniqueIdentifier>
      <Extensions>cpp;c;cc;cxx;def;odl;idl;hpj;bat;asm;asmx</Extensions>
    </Filter>
    <Filter Include="Header">
      <UniqueIdentifier>{93995380-89BD-4b04-88EB-625FBE52EBFB}</UniqueIdentifier>
      <Extensions>h;hpp;hxx;hm;inl;inc;xsd</Extensions>
    </Filter>
    <Filter Include="Ressource">
      <UniqueIdentifier>{17f29179-f65a-417e-a42a-234b272c7d04}</UniqueIdentifier>
      <Extensions>rc;ico;cur;bmp;dlg;rc2;rct;bin;rgs;gif;jpg;jpeg;jpe;resx;tiff;tif;png;wav</Extensions>
    </Filter>
  </ItemGroup>
  <ItemGroup>
    <ClCompile Include="CslApp.cpp">
      <Filter>Source</Filter>
    </ClCompile>
    <ClCompile Include="CslDlgAbout.cpp">
      <Filter>Source</Filter>
    </ClCompile>
    <ClCompile Include="CslDlgAddMaster.cpp">
      <Filter>Source</Filter>
    </ClCompile>
    <ClCompile Include="CslDlgAddServer.cpp">
      <Filter>Source</Filter>
    </ClCompile>
    <ClCompile Include="CslDlgConnectPass.cpp">
      <Filter>Source</Filter>
    </ClCompile>
    <ClCompile Include="CslDlgConnectWait.cpp">
      <Filter>Source</Filter>
    </ClCompile>
    <ClCompile Include="CslDlgExtended.cpp">
      <Filter>Source</Filter>
    </ClCompile>
    <ClCompile Include="CslDlgOutput.cpp">
      <Filter>Source</Filter>
    </ClCompile>
    <ClCompile Include="CslDlgSettings.cpp">
      <Filter>Source</Filter>
    </ClCompile>
    <ClCompile Include="CslFrame.cpp">
      <Filter>Source</Filter>
    </ClCompile>
    <ClCompile Include="CslGameConnection.cpp">
      <Filter>Source</Filter>
    </ClCompile>
    <ClCompile Include="CslGameProcess.cpp">
      <Filter>Source</Filter>
    </ClCompile>
    <ClCompile Include="CslIPC.cpp">
      <Filter>Source</Filter>
    </ClCompile>
    <ClCompile Include="CslSettings.cpp">
      <Filter>Source</Filter>
    </ClCompile>
    <ClCompile Include="CslStatusBar.cpp">
      <Filter>Source</Filter>
    </ClCompile>
    <ClCompile Include="CslVersionCheck.cpp">
      <Filter>Source</Filter>
    </ClCompile>
    <ClCompile Include="pch\pch.cpp">
      <Filter>Source</Filter>
    </ClCompile>
    <ClCompile Include="CslPanelTraffic.cpp">
      <Filter>Source</Filter>
    </ClCompile>
    <ClCompile Include="CslPanelServerView.cpp">
      <Filter>Source</Filter>
    </ClCompile>
    <ClCompile Include="CslServerInfo.cpp">
      <Filter>Source</Filter>
    </ClCompile>
    <ClCompile Include="CslPanelCountryView.cpp">
      <Filter>Source</Filter>
    </ClCompile>
    <ClCompile Include="CslPanelPlayerSearch.cpp">
      <Filter>Source</Filter>
    </ClCompile>
    <ClCompile Include="CslServerBrowser.cpp">
      <Filter>Source</Filter>
    </ClCompile>
    <ClCompile Include="CslPanelGameSettings.cpp">
      <Filter>Source</Filter>
    </ClCompile>
    <ClCompile Include="CslPanelSearch.cpp">
      <Filter>Source</Filter>
    </ClCompile>
  </ItemGroup>
  <ItemGroup>
    <ClInclude Include="pch\Csl.h">
      <Filter>Header</Filter>
    </ClInclude>
    <ClInclude Include="CslApp.h">
      <Filter>Header</Filter>
    </ClInclude>
    <ClInclude Include="CslDlgAbout.h">
      <Filter>Header</Filter>
    </ClInclude>
    <ClInclude Include="CslDlgAddMaster.h">
      <Filter>Header</Filter>
    </ClInclude>
    <ClInclude Include="CslDlgAddServer.h">
      <Filter>Header</Filter>
    </ClInclude>
    <ClInclude Include="CslDlgConnectPass.h">
      <Filter>Header</Filter>
    </ClInclude>
    <ClInclude Include="CslDlgConnectWait.h">
      <Filter>Header</Filter>
    </ClInclude>
    <ClInclude Include="CslDlgExtended.h">
      <Filter>Header</Filter>
    </ClInclude>
    <ClInclude Include="CslDlgGeneric.h">
      <Filter>Header</Filter>
    </ClInclude>
    <ClInclude Include="CslDlgOutput.h">
      <Filter>Header</Filter>
    </ClInclude>
    <ClInclude Include="CslDlgSettings.h">
      <Filter>Header</Filter>
    </ClInclude>
    <ClInclude Include="CslFlags.h">
      <Filter>Header</Filter>
    </ClInclude>
    <ClInclude Include="CslFrame.h">
      <Filter>Header</Filter>
    </ClInclude>
    <ClInclude Include="CslGameConnection.h">
      <Filter>Header</Filter>
    </ClInclude>
    <ClInclude Include="CslGameProcess.h">
      <Filter>Header</Filter>
    </ClInclude>
    <ClInclude Include="CslIPC.h">
      <Filter>Header</Filter>
    </ClInclude>
    <ClInclude Include="CslLicense.h">
      <Filter>Header</Filter>
    </ClInclude>
    <ClInclude Include="CslSettings.h">
      <Filter>Header</Filter>
    </ClInclude>
    <ClInclude Include="CslStatusBar.h">
      <Filter>Header</Filter>
    </ClInclude>
    <ClInclude Include="CslVersionCheck.h">
      <Filter>Header</Filter>
    </ClInclude>
    <ClInclude Include="CslPanelTraffic.h">
      <Filter>Header</Filter>
    </ClInclude>
    <ClInclude Include="CslPanelServerView.h">
      <Filter>Header</Filter>
    </ClInclude>
    <ClInclude Include="CslServerInfo.h">
      <Filter>Header</Filter>
    </ClInclude>
    <ClInclude Include="CslPanelCountryView.h">
      <Filter>Header</Filter>
    </ClInclude>
    <ClInclude Include="CslPanelPlayerSearch.h">
      <Filter>Header</Filter>
    </ClInclude>
    <ClInclude Include="CslServerBrowser.h">
      <Filter>Header</Filter>
    </ClInclude>
    <ClInclude Include="CslPanelGameSettings.h">
      <Filter>Header</Filter>
    </ClInclude>
    <ClInclude Include="CslPanelSearch.h">
      <Filter>Header</Filter>
    </ClInclude>
  </ItemGroup>
  <ItemGroup>
    <ResourceCompile Include="csl.rc">
      <Filter>Ressource</Filter>
    </ResourceCompile>
  </ItemGroup>
</Project>