// !$*UTF8*$!
{
	archiveVersion = 1;
	classes = {
	};
	objectVersion = 42;
	objects = {

/* Begin PBXBuildFile section */
		9E015AE10CA569950029BEEF /* csl_mac.icns in Resources */ = {isa = PBXBuildFile; fileRef = 9E015AE00CA569950029BEEF /* csl_mac.icns */; };
		9E374D6F0F868D0E0024ED42 /* GeoIPInternal.c in Sources */ = {isa = PBXBuildFile; fileRef = 9E374D6E0F868D0E0024ED42 /* GeoIPInternal.c */; };
		9E374D860F8690020024ED42 /* pbsetup.sh in Resources */ = {isa = PBXBuildFile; fileRef = 9E374D850F8690020024ED42 /* pbsetup.sh */; };
		9E3B1E520CCE2BA800E6D4A2 /* maps in Resources */ = {isa = PBXBuildFile; fileRef = 9E3B1E480CCE2BA800E6D4A2 /* maps */; };
		9E73FA100CA6EED200CA71BC /* CslMenu.cpp in Sources */ = {isa = PBXBuildFile; fileRef = 9E73FA0F0CA6EED200CA71BC /* CslMenu.cpp */; };
		9EB2BDF50F84D90B0087A964 /* CslCharEncoding.cpp in Sources */ = {isa = PBXBuildFile; fileRef = 9EB2BDF30F84D90B0087A964 /* CslCharEncoding.cpp */; };
		9ECC2F7C0CA1724E00578B5E /* Carbon.framework in Frameworks */ = {isa = PBXBuildFile; fileRef = 9ECC2F7B0CA1724E00578B5E /* Carbon.framework */; };
		9ECC2F7E0CA1726200578B5E /* System.framework in Frameworks */ = {isa = PBXBuildFile; fileRef = 9ECC2F7D0CA1726200578B5E /* System.framework */; };
		9ECC2F810CA172A500578B5E /* AppKit.framework in Frameworks */ = {isa = PBXBuildFile; fileRef = 9ECC2F800CA172A500578B5E /* AppKit.framework */; };
		9ECC2F840CA172BC00578B5E /* IOKit.framework in Frameworks */ = {isa = PBXBuildFile; fileRef = 9ECC2F830CA172BC00578B5E /* IOKit.framework */; };
		9ECC2F870CA172E500578B5E /* WebKit.framework in Frameworks */ = {isa = PBXBuildFile; fileRef = 9ECC2F860CA172E500578B5E /* WebKit.framework */; };
		9ECC32970CA1A9EC00578B5E /* AGL.framework in Frameworks */ = {isa = PBXBuildFile; fileRef = 9ECC32960CA1A9EC00578B5E /* AGL.framework */; };
		9ECC32990CA1AA3400578B5E /* OpenGL.framework in Frameworks */ = {isa = PBXBuildFile; fileRef = 9ECC32980CA1AA3400578B5E /* OpenGL.framework */; };
		9ECC329C0CA1AA6800578B5E /* csl_start_sb.ogz in Resources */ = {isa = PBXBuildFile; fileRef = 9ECC329A0CA1AA6800578B5E /* csl_start_sb.ogz */; };
		9ECC329D0CA1AA6800578B5E /* GeoIP.dat in Resources */ = {isa = PBXBuildFile; fileRef = 9ECC329B0CA1AA6800578B5E /* GeoIP.dat */; };
		9ED018690E1297BD001D91F4 /* CslEngine.cpp in Sources */ = {isa = PBXBuildFile; fileRef = 9ED018540E1297BC001D91F4 /* CslEngine.cpp */; };
		9ED0186A0E1297BD001D91F4 /* CslExtendedInfo.cpp in Sources */ = {isa = PBXBuildFile; fileRef = 9ED018560E1297BC001D91F4 /* CslExtendedInfo.cpp */; };
		9ED0186B0E1297BD001D91F4 /* CslGame.cpp in Sources */ = {isa = PBXBuildFile; fileRef = 9ED018580E1297BC001D91F4 /* CslGame.cpp */; };
		9ED0186C0E1297BD001D91F4 /* CslGameAssaultCube.cpp in Sources */ = {isa = PBXBuildFile; fileRef = 9ED0185A0E1297BD001D91F4 /* CslGameAssaultCube.cpp */; };
		9ED0186D0E1297BD001D91F4 /* CslGameBloodFrontier.cpp in Sources */ = {isa = PBXBuildFile; fileRef = 9ED0185C0E1297BD001D91F4 /* CslGameBloodFrontier.cpp */; };
		9ED0186E0E1297BD001D91F4 /* CslGameCube.cpp in Sources */ = {isa = PBXBuildFile; fileRef = 9ED0185E0E1297BD001D91F4 /* CslGameCube.cpp */; };
		9ED0186F0E1297BD001D91F4 /* CslGameSauerbraten.cpp in Sources */ = {isa = PBXBuildFile; fileRef = 9ED018600E1297BD001D91F4 /* CslGameSauerbraten.cpp */; };
		9ED018700E1297BD001D91F4 /* CslTools.cpp in Sources */ = {isa = PBXBuildFile; fileRef = 9ED018620E1297BD001D91F4 /* CslTools.cpp */; };
		9ED018710E1297BD001D91F4 /* CslUDP.cpp in Sources */ = {isa = PBXBuildFile; fileRef = 9ED018640E1297BD001D91F4 /* CslUDP.cpp */; };
		9ED018720E1297BD001D91F4 /* cube_tools.cpp in Sources */ = {isa = PBXBuildFile; fileRef = 9ED018670E1297BD001D91F4 /* cube_tools.cpp */; };
		9ED018D20E129AF2001D91F4 /* CslDlgTraffic.cpp in Sources */ = {isa = PBXBuildFile; fileRef = 9ED018CC0E129AF2001D91F4 /* CslDlgTraffic.cpp */; };
		9ED018D50E129AF2001D91F4 /* CslListCtrlPlayer.cpp in Sources */ = {isa = PBXBuildFile; fileRef = 9ED018D00E129AF2001D91F4 /* CslListCtrlPlayer.cpp */; };
		9ED9D4760CA1622F00B0FC71 /* CslArt.cpp in Sources */ = {isa = PBXBuildFile; fileRef = 9ED9D4520CA1622F00B0FC71 /* CslArt.cpp */; };
		9ED9D4770CA1622F00B0FC71 /* CslDlgAddMaster.cpp in Sources */ = {isa = PBXBuildFile; fileRef = 9ED9D4540CA1622F00B0FC71 /* CslDlgAddMaster.cpp */; };
		9ED9D4780CA1622F00B0FC71 /* CslDlgAddServer.cpp in Sources */ = {isa = PBXBuildFile; fileRef = 9ED9D4560CA1622F00B0FC71 /* CslDlgAddServer.cpp */; };
		9ED9D4790CA1622F00B0FC71 /* CslDlgConnectWait.cpp in Sources */ = {isa = PBXBuildFile; fileRef = 9ED9D4580CA1622F00B0FC71 /* CslDlgConnectWait.cpp */; };
		9ED9D47A0CA1622F00B0FC71 /* CslDlgExtended.cpp in Sources */ = {isa = PBXBuildFile; fileRef = 9ED9D45A0CA1622F00B0FC71 /* CslDlgExtended.cpp */; };
		9ED9D47B0CA1622F00B0FC71 /* CslDlgOutput.cpp in Sources */ = {isa = PBXBuildFile; fileRef = 9ED9D45D0CA1622F00B0FC71 /* CslDlgOutput.cpp */; };
		9ED9D47C0CA1622F00B0FC71 /* CslDlgSettings.cpp in Sources */ = {isa = PBXBuildFile; fileRef = 9ED9D45F0CA1622F00B0FC71 /* CslDlgSettings.cpp */; };
		9ED9D47E0CA1622F00B0FC71 /* CslFrame.cpp in Sources */ = {isa = PBXBuildFile; fileRef = 9ED9D4640CA1622F00B0FC71 /* CslFrame.cpp */; };
		9ED9D4800CA1622F00B0FC71 /* CslListCtrlInfo.cpp in Sources */ = {isa = PBXBuildFile; fileRef = 9ED9D4680CA1622F00B0FC71 /* CslListCtrlInfo.cpp */; };
		9ED9D4810CA1622F00B0FC71 /* CslListCtrlServer.cpp in Sources */ = {isa = PBXBuildFile; fileRef = 9ED9D46A0CA1622F00B0FC71 /* CslListCtrlServer.cpp */; };
		9ED9D4820CA1622F00B0FC71 /* CslStatusBar.cpp in Sources */ = {isa = PBXBuildFile; fileRef = 9ED9D46E0CA1622F00B0FC71 /* CslStatusBar.cpp */; };
		9EE748130F36182C006D6C8E /* CslApp.cpp in Sources */ = {isa = PBXBuildFile; fileRef = 9EE748110F36182C006D6C8E /* CslApp.cpp */; };
		9EE748220F361857006D6C8E /* CslGameConnection.cpp in Sources */ = {isa = PBXBuildFile; fileRef = 9EE748140F361857006D6C8E /* CslGameConnection.cpp */; };
		9EE748230F361857006D6C8E /* CslGameProcess.cpp in Sources */ = {isa = PBXBuildFile; fileRef = 9EE748160F361857006D6C8E /* CslGameProcess.cpp */; };
		9EE748240F361857006D6C8E /* CslIPC.cpp in Sources */ = {isa = PBXBuildFile; fileRef = 9EE748180F361857006D6C8E /* CslIPC.cpp */; };
		9EE748250F361857006D6C8E /* CslIRC.cpp in Sources */ = {isa = PBXBuildFile; fileRef = 9EE7481A0F361857006D6C8E /* CslIRC.cpp */; };
		9EE748260F361857006D6C8E /* CslListCtrl.cpp in Sources */ = {isa = PBXBuildFile; fileRef = 9EE7481C0F361857006D6C8E /* CslListCtrl.cpp */; };
		9EE748270F361857006D6C8E /* CslListCtrlCountry.cpp in Sources */ = {isa = PBXBuildFile; fileRef = 9EE7481E0F361857006D6C8E /* CslListCtrlCountry.cpp */; };
		9EE748280F361857006D6C8E /* CslListCtrlPlayerSearch.cpp in Sources */ = {isa = PBXBuildFile; fileRef = 9EE748200F361857006D6C8E /* CslListCtrlPlayerSearch.cpp */; };
		9EE7482B0F361885006D6C8E /* CslIRCEngine.cpp in Sources */ = {isa = PBXBuildFile; fileRef = 9EE748290F361885006D6C8E /* CslIRCEngine.cpp */; };
		9EE7482D0F3618A3006D6C8E /* libircclient.c in Sources */ = {isa = PBXBuildFile; fileRef = 9EE7482C0F3618A3006D6C8E /* libircclient.c */; };
		9EE7487E0F36219C006D6C8E /* CslVersionCheck.cpp in Sources */ = {isa = PBXBuildFile; fileRef = 9EE7487C0F36219C006D6C8E /* CslVersionCheck.cpp */; };
		9EE88C640F375CF000B549BE /* libwx_mac_static.a in Frameworks */ = {isa = PBXBuildFile; fileRef = 9EE88C540F375BA000B549BE /* libwx_mac_static.a */; };
		9EEA7A120F5EAD8C00A54722 /* CslTTS.cpp in Sources */ = {isa = PBXBuildFile; fileRef = 9EEA7A100F5EAD8C00A54722 /* CslTTS.cpp */; };
		9EECE2860E1655C700B03192 /* QuickTime.framework in Frameworks */ = {isa = PBXBuildFile; fileRef = 9EECE2850E1655C700B03192 /* QuickTime.framework */; };
		9EF31B870CE0C99900156B63 /* CslDlgAbout.cpp in Sources */ = {isa = PBXBuildFile; fileRef = 9EF31B7E0CE0C99900156B63 /* CslDlgAbout.cpp */; };
		9EF31B890CE0C99900156B63 /* CslGeoIP.cpp in Sources */ = {isa = PBXBuildFile; fileRef = 9EF31B820CE0C99900156B63 /* CslGeoIP.cpp */; };
		9EF31B8A0CE0C99900156B63 /* CslPanelMap.cpp in Sources */ = {isa = PBXBuildFile; fileRef = 9EF31B850CE0C99900156B63 /* CslPanelMap.cpp */; };
		9EF4F1F40CC386910044881A /* CslDlgConnectPass.cpp in Sources */ = {isa = PBXBuildFile; fileRef = 9EF4F1F10CC386910044881A /* CslDlgConnectPass.cpp */; };
		9EF936360F3E1C6F00E5E1AE /* CslToolTip.cpp in Sources */ = {isa = PBXBuildFile; fileRef = 9EF936340F3E1C6F00E5E1AE /* CslToolTip.cpp */; };
/* End PBXBuildFile section */

/* Begin PBXContainerItemProxy section */
		9EE88C530F375BA000B549BE /* PBXContainerItemProxy */ = {
			isa = PBXContainerItemProxy;
			containerPortal = 9EE88C4D0F375BA000B549BE /* wxWindows.xcodeproj */;
			proxyType = 2;
			remoteGlobalIDString = 4086C8CB063AB30000D4CD53;
			remoteInfo = static;
		};
		9EE88C550F375BA000B549BE /* PBXContainerItemProxy */ = {
			isa = PBXContainerItemProxy;
			containerPortal = 9EE88C4D0F375BA000B549BE /* wxWindows.xcodeproj */;
			proxyType = 2;
			remoteGlobalIDString = 4086CBE1063AB30000D4CD53;
			remoteInfo = dynamic;
		};
/* End PBXContainerItemProxy section */

/* Begin PBXFileReference section */
		9E015AE00CA569950029BEEF /* csl_mac.icns */ = {isa = PBXFileReference; lastKnownFileType = image.icns; name = csl_mac.icns; path = ../src/img/csl_mac.icns; sourceTree = SOURCE_ROOT; };
		9E374D6E0F868D0E0024ED42 /* GeoIPInternal.c */ = {isa = PBXFileReference; fileEncoding = 4; lastKnownFileType = sourcecode.c.c; name = GeoIPInternal.c; path = ../src/libGeoIP/GeoIPInternal.c; sourceTree = SOURCE_ROOT; };
		9E374D850F8690020024ED42 /* pbsetup.sh */ = {isa = PBXFileReference; fileEncoding = 4; lastKnownFileType = text.script.sh; path = pbsetup.sh; sourceTree = "<group>"; };
		9E3B1E480CCE2BA800E6D4A2 /* maps */ = {isa = PBXFileReference; lastKnownFileType = folder; name = maps; path = ../data/maps; sourceTree = SOURCE_ROOT; };
		9E73FA0F0CA6EED200CA71BC /* CslMenu.cpp */ = {isa = PBXFileReference; fileEncoding = 4; lastKnownFileType = sourcecode.cpp.cpp; name = CslMenu.cpp; path = ../src/CslMenu.cpp; sourceTree = SOURCE_ROOT; };
		9EB2BDEB0F84D6D10087A964 /* Csl.h */ = {isa = PBXFileReference; fileEncoding = 4; lastKnownFileType = sourcecode.c.h; name = Csl.h; path = ../src/pch/Csl.h; sourceTree = SOURCE_ROOT; };
		9EB2BDF30F84D90B0087A964 /* CslCharEncoding.cpp */ = {isa = PBXFileReference; fileEncoding = 4; lastKnownFileType = sourcecode.cpp.cpp; name = CslCharEncoding.cpp; path = ../src/engine/CslCharEncoding.cpp; sourceTree = SOURCE_ROOT; };
		9EB2BDF40F84D90B0087A964 /* CslCharEncoding.h */ = {isa = PBXFileReference; fileEncoding = 4; lastKnownFileType = sourcecode.c.h; name = CslCharEncoding.h; path = ../src/engine/CslCharEncoding.h; sourceTree = SOURCE_ROOT; };
		9ECC2F7B0CA1724E00578B5E /* Carbon.framework */ = {isa = PBXFileReference; lastKnownFileType = wrapper.framework; name = Carbon.framework; path = /System/Library/Frameworks/Carbon.framework; sourceTree = "<absolute>"; };
		9ECC2F7D0CA1726200578B5E /* System.framework */ = {isa = PBXFileReference; lastKnownFileType = wrapper.framework; name = System.framework; path = /System/Library/Frameworks/System.framework; sourceTree = "<absolute>"; };
		9ECC2F800CA172A500578B5E /* AppKit.framework */ = {isa = PBXFileReference; lastKnownFileType = wrapper.framework; name = AppKit.framework; path = /System/Library/Frameworks/AppKit.framework; sourceTree = "<absolute>"; };
		9ECC2F830CA172BC00578B5E /* IOKit.framework */ = {isa = PBXFileReference; lastKnownFileType = wrapper.framework; name = IOKit.framework; path = /System/Library/Frameworks/IOKit.framework; sourceTree = "<absolute>"; };
		9ECC2F860CA172E500578B5E /* WebKit.framework */ = {isa = PBXFileReference; lastKnownFileType = wrapper.framework; name = WebKit.framework; path = /System/Library/Frameworks/WebKit.framework; sourceTree = "<absolute>"; };
		9ECC32960CA1A9EC00578B5E /* AGL.framework */ = {isa = PBXFileReference; lastKnownFileType = wrapper.framework; name = AGL.framework; path = /System/Library/Frameworks/AGL.framework; sourceTree = "<absolute>"; };
		9ECC32980CA1AA3400578B5E /* OpenGL.framework */ = {isa = PBXFileReference; lastKnownFileType = wrapper.framework; name = OpenGL.framework; path = /System/Library/Frameworks/OpenGL.framework; sourceTree = "<absolute>"; };
		9ECC329A0CA1AA6800578B5E /* csl_start_sb.ogz */ = {isa = PBXFileReference; lastKnownFileType = file; name = csl_start_sb.ogz; path = ../data/csl_start_sb.ogz; sourceTree = SOURCE_ROOT; };
		9ECC329B0CA1AA6800578B5E /* GeoIP.dat */ = {isa = PBXFileReference; lastKnownFileType = file; name = GeoIP.dat; path = ../data/GeoIP.dat; sourceTree = SOURCE_ROOT; };
		9ED018540E1297BC001D91F4 /* CslEngine.cpp */ = {isa = PBXFileReference; fileEncoding = 4; lastKnownFileType = sourcecode.cpp.cpp; name = CslEngine.cpp; path = ../src/engine/CslEngine.cpp; sourceTree = SOURCE_ROOT; };
		9ED018550E1297BC001D91F4 /* CslEngine.h */ = {isa = PBXFileReference; fileEncoding = 4; lastKnownFileType = sourcecode.c.h; name = CslEngine.h; path = ../src/engine/CslEngine.h; sourceTree = SOURCE_ROOT; };
		9ED018560E1297BC001D91F4 /* CslExtendedInfo.cpp */ = {isa = PBXFileReference; fileEncoding = 4; lastKnownFileType = sourcecode.cpp.cpp; name = CslExtendedInfo.cpp; path = ../src/engine/CslExtendedInfo.cpp; sourceTree = SOURCE_ROOT; };
		9ED018570E1297BC001D91F4 /* CslExtendedInfo.h */ = {isa = PBXFileReference; fileEncoding = 4; lastKnownFileType = sourcecode.c.h; name = CslExtendedInfo.h; path = ../src/engine/CslExtendedInfo.h; sourceTree = SOURCE_ROOT; };
		9ED018580E1297BC001D91F4 /* CslGame.cpp */ = {isa = PBXFileReference; fileEncoding = 4; lastKnownFileType = sourcecode.cpp.cpp; name = CslGame.cpp; path = ../src/engine/CslGame.cpp; sourceTree = SOURCE_ROOT; };
		9ED018590E1297BD001D91F4 /* CslGame.h */ = {isa = PBXFileReference; fileEncoding = 4; lastKnownFileType = sourcecode.c.h; name = CslGame.h; path = ../src/engine/CslGame.h; sourceTree = SOURCE_ROOT; };
		9ED0185A0E1297BD001D91F4 /* CslGameAssaultCube.cpp */ = {isa = PBXFileReference; fileEncoding = 4; lastKnownFileType = sourcecode.cpp.cpp; name = CslGameAssaultCube.cpp; path = ../src/engine/CslGameAssaultCube.cpp; sourceTree = SOURCE_ROOT; };
		9ED0185B0E1297BD001D91F4 /* CslGameAssaultCube.h */ = {isa = PBXFileReference; fileEncoding = 4; lastKnownFileType = sourcecode.c.h; name = CslGameAssaultCube.h; path = ../src/engine/CslGameAssaultCube.h; sourceTree = SOURCE_ROOT; };
		9ED0185C0E1297BD001D91F4 /* CslGameBloodFrontier.cpp */ = {isa = PBXFileReference; fileEncoding = 4; lastKnownFileType = sourcecode.cpp.cpp; name = CslGameBloodFrontier.cpp; path = ../src/engine/CslGameBloodFrontier.cpp; sourceTree = SOURCE_ROOT; };
		9ED0185D0E1297BD001D91F4 /* CslGameBloodFrontier.h */ = {isa = PBXFileReference; fileEncoding = 4; lastKnownFileType = sourcecode.c.h; name = CslGameBloodFrontier.h; path = ../src/engine/CslGameBloodFrontier.h; sourceTree = SOURCE_ROOT; };
		9ED0185E0E1297BD001D91F4 /* CslGameCube.cpp */ = {isa = PBXFileReference; fileEncoding = 4; lastKnownFileType = sourcecode.cpp.cpp; name = CslGameCube.cpp; path = ../src/engine/CslGameCube.cpp; sourceTree = SOURCE_ROOT; };
		9ED0185F0E1297BD001D91F4 /* CslGameCube.h */ = {isa = PBXFileReference; fileEncoding = 4; lastKnownFileType = sourcecode.c.h; name = CslGameCube.h; path = ../src/engine/CslGameCube.h; sourceTree = SOURCE_ROOT; };
		9ED018600E1297BD001D91F4 /* CslGameSauerbraten.cpp */ = {isa = PBXFileReference; fileEncoding = 4; lastKnownFileType = sourcecode.cpp.cpp; name = CslGameSauerbraten.cpp; path = ../src/engine/CslGameSauerbraten.cpp; sourceTree = SOURCE_ROOT; };
		9ED018610E1297BD001D91F4 /* CslGameSauerbraten.h */ = {isa = PBXFileReference; fileEncoding = 4; lastKnownFileType = sourcecode.c.h; name = CslGameSauerbraten.h; path = ../src/engine/CslGameSauerbraten.h; sourceTree = SOURCE_ROOT; };
		9ED018620E1297BD001D91F4 /* CslTools.cpp */ = {isa = PBXFileReference; fileEncoding = 4; lastKnownFileType = sourcecode.cpp.cpp; name = CslTools.cpp; path = ../src/engine/CslTools.cpp; sourceTree = SOURCE_ROOT; };
		9ED018630E1297BD001D91F4 /* CslTools.h */ = {isa = PBXFileReference; fileEncoding = 4; lastKnownFileType = sourcecode.c.h; name = CslTools.h; path = ../src/engine/CslTools.h; sourceTree = SOURCE_ROOT; };
		9ED018640E1297BD001D91F4 /* CslUDP.cpp */ = {isa = PBXFileReference; fileEncoding = 4; lastKnownFileType = sourcecode.cpp.cpp; name = CslUDP.cpp; path = ../src/engine/CslUDP.cpp; sourceTree = SOURCE_ROOT; };
		9ED018650E1297BD001D91F4 /* CslUDP.h */ = {isa = PBXFileReference; fileEncoding = 4; lastKnownFileType = sourcecode.c.h; name = CslUDP.h; path = ../src/engine/CslUDP.h; sourceTree = SOURCE_ROOT; };
		9ED018660E1297BD001D91F4 /* CslVersion.h */ = {isa = PBXFileReference; fileEncoding = 4; lastKnownFileType = sourcecode.c.h; name = CslVersion.h; path = ../src/engine/CslVersion.h; sourceTree = SOURCE_ROOT; };
		9ED018670E1297BD001D91F4 /* cube_tools.cpp */ = {isa = PBXFileReference; fileEncoding = 4; lastKnownFileType = sourcecode.cpp.cpp; name = cube_tools.cpp; path = ../src/engine/cube_tools.cpp; sourceTree = SOURCE_ROOT; };
		9ED018680E1297BD001D91F4 /* cube_tools.h */ = {isa = PBXFileReference; fileEncoding = 4; lastKnownFileType = sourcecode.c.h; name = cube_tools.h; path = ../src/engine/cube_tools.h; sourceTree = SOURCE_ROOT; };
		9ED018CC0E129AF2001D91F4 /* CslDlgTraffic.cpp */ = {isa = PBXFileReference; fileEncoding = 4; lastKnownFileType = sourcecode.cpp.cpp; name = CslDlgTraffic.cpp; path = ../src/CslDlgTraffic.cpp; sourceTree = SOURCE_ROOT; };
		9ED018CD0E129AF2001D91F4 /* CslDlgTraffic.h */ = {isa = PBXFileReference; fileEncoding = 4; lastKnownFileType = sourcecode.c.h; name = CslDlgTraffic.h; path = ../src/CslDlgTraffic.h; sourceTree = SOURCE_ROOT; };
		9ED018D00E129AF2001D91F4 /* CslListCtrlPlayer.cpp */ = {isa = PBXFileReference; fileEncoding = 4; lastKnownFileType = sourcecode.cpp.cpp; name = CslListCtrlPlayer.cpp; path = ../src/CslListCtrlPlayer.cpp; sourceTree = SOURCE_ROOT; };
		9ED018D10E129AF2001D91F4 /* CslListCtrlPlayer.h */ = {isa = PBXFileReference; fileEncoding = 4; lastKnownFileType = sourcecode.c.h; name = CslListCtrlPlayer.h; path = ../src/CslListCtrlPlayer.h; sourceTree = SOURCE_ROOT; };
		9ED9D44A0CA161E000B0FC71 /* csl.app */ = {isa = PBXFileReference; explicitFileType = wrapper.application; includeInIndex = 0; path = csl.app; sourceTree = BUILT_PRODUCTS_DIR; };
		9ED9D44D0CA161E000B0FC71 /* csl-Info.plist */ = {isa = PBXFileReference; lastKnownFileType = text.xml; path = "csl-Info.plist"; sourceTree = "<group>"; };
		9ED9D4520CA1622F00B0FC71 /* CslArt.cpp */ = {isa = PBXFileReference; fileEncoding = 4; lastKnownFileType = sourcecode.cpp.cpp; name = CslArt.cpp; path = ../src/CslArt.cpp; sourceTree = SOURCE_ROOT; };
		9ED9D4530CA1622F00B0FC71 /* CslArt.h */ = {isa = PBXFileReference; fileEncoding = 4; lastKnownFileType = sourcecode.c.h; name = CslArt.h; path = ../src/CslArt.h; sourceTree = SOURCE_ROOT; };
		9ED9D4540CA1622F00B0FC71 /* CslDlgAddMaster.cpp */ = {isa = PBXFileReference; fileEncoding = 4; lastKnownFileType = sourcecode.cpp.cpp; name = CslDlgAddMaster.cpp; path = ../src/CslDlgAddMaster.cpp; sourceTree = SOURCE_ROOT; };
		9ED9D4550CA1622F00B0FC71 /* CslDlgAddMaster.h */ = {isa = PBXFileReference; fileEncoding = 4; lastKnownFileType = sourcecode.c.h; name = CslDlgAddMaster.h; path = ../src/CslDlgAddMaster.h; sourceTree = SOURCE_ROOT; };
		9ED9D4560CA1622F00B0FC71 /* CslDlgAddServer.cpp */ = {isa = PBXFileReference; fileEncoding = 4; lastKnownFileType = sourcecode.cpp.cpp; name = CslDlgAddServer.cpp; path = ../src/CslDlgAddServer.cpp; sourceTree = SOURCE_ROOT; };
		9ED9D4570CA1622F00B0FC71 /* CslDlgAddServer.h */ = {isa = PBXFileReference; fileEncoding = 4; lastKnownFileType = sourcecode.c.h; name = CslDlgAddServer.h; path = ../src/CslDlgAddServer.h; sourceTree = SOURCE_ROOT; };
		9ED9D4580CA1622F00B0FC71 /* CslDlgConnectWait.cpp */ = {isa = PBXFileReference; fileEncoding = 4; lastKnownFileType = sourcecode.cpp.cpp; name = CslDlgConnectWait.cpp; path = ../src/CslDlgConnectWait.cpp; sourceTree = SOURCE_ROOT; };
		9ED9D4590CA1622F00B0FC71 /* CslDlgConnectWait.h */ = {isa = PBXFileReference; fileEncoding = 4; lastKnownFileType = sourcecode.c.h; name = CslDlgConnectWait.h; path = ../src/CslDlgConnectWait.h; sourceTree = SOURCE_ROOT; };
		9ED9D45A0CA1622F00B0FC71 /* CslDlgExtended.cpp */ = {isa = PBXFileReference; fileEncoding = 4; lastKnownFileType = sourcecode.cpp.cpp; name = CslDlgExtended.cpp; path = ../src/CslDlgExtended.cpp; sourceTree = SOURCE_ROOT; };
		9ED9D45B0CA1622F00B0FC71 /* CslDlgExtended.h */ = {isa = PBXFileReference; fileEncoding = 4; lastKnownFileType = sourcecode.c.h; name = CslDlgExtended.h; path = ../src/CslDlgExtended.h; sourceTree = SOURCE_ROOT; };
		9ED9D45C0CA1622F00B0FC71 /* CslDlgGeneric.h */ = {isa = PBXFileReference; fileEncoding = 4; lastKnownFileType = sourcecode.c.h; name = CslDlgGeneric.h; path = ../src/CslDlgGeneric.h; sourceTree = SOURCE_ROOT; };
		9ED9D45D0CA1622F00B0FC71 /* CslDlgOutput.cpp */ = {isa = PBXFileReference; fileEncoding = 4; lastKnownFileType = sourcecode.cpp.cpp; name = CslDlgOutput.cpp; path = ../src/CslDlgOutput.cpp; sourceTree = SOURCE_ROOT; };
		9ED9D45E0CA1622F00B0FC71 /* CslDlgOutput.h */ = {isa = PBXFileReference; fileEncoding = 4; lastKnownFileType = sourcecode.c.h; name = CslDlgOutput.h; path = ../src/CslDlgOutput.h; sourceTree = SOURCE_ROOT; };
		9ED9D45F0CA1622F00B0FC71 /* CslDlgSettings.cpp */ = {isa = PBXFileReference; fileEncoding = 4; lastKnownFileType = sourcecode.cpp.cpp; name = CslDlgSettings.cpp; path = ../src/CslDlgSettings.cpp; sourceTree = SOURCE_ROOT; };
		9ED9D4600CA1622F00B0FC71 /* CslDlgSettings.h */ = {isa = PBXFileReference; fileEncoding = 4; lastKnownFileType = sourcecode.c.h; name = CslDlgSettings.h; path = ../src/CslDlgSettings.h; sourceTree = SOURCE_ROOT; };
		9ED9D4630CA1622F00B0FC71 /* CslFlags.h */ = {isa = PBXFileReference; fileEncoding = 4; lastKnownFileType = sourcecode.c.h; name = CslFlags.h; path = ../src/CslFlags.h; sourceTree = SOURCE_ROOT; };
		9ED9D4640CA1622F00B0FC71 /* CslFrame.cpp */ = {isa = PBXFileReference; fileEncoding = 4; lastKnownFileType = sourcecode.cpp.cpp; name = CslFrame.cpp; path = ../src/CslFrame.cpp; sourceTree = SOURCE_ROOT; };
		9ED9D4650CA1622F00B0FC71 /* CslFrame.h */ = {isa = PBXFileReference; fileEncoding = 4; lastKnownFileType = sourcecode.c.h; name = CslFrame.h; path = ../src/CslFrame.h; sourceTree = SOURCE_ROOT; };
		9ED9D4680CA1622F00B0FC71 /* CslListCtrlInfo.cpp */ = {isa = PBXFileReference; fileEncoding = 4; lastKnownFileType = sourcecode.cpp.cpp; name = CslListCtrlInfo.cpp; path = ../src/CslListCtrlInfo.cpp; sourceTree = SOURCE_ROOT; };
		9ED9D4690CA1622F00B0FC71 /* CslListCtrlInfo.h */ = {isa = PBXFileReference; fileEncoding = 4; lastKnownFileType = sourcecode.c.h; name = CslListCtrlInfo.h; path = ../src/CslListCtrlInfo.h; sourceTree = SOURCE_ROOT; };
		9ED9D46A0CA1622F00B0FC71 /* CslListCtrlServer.cpp */ = {isa = PBXFileReference; fileEncoding = 4; lastKnownFileType = sourcecode.cpp.cpp; name = CslListCtrlServer.cpp; path = ../src/CslListCtrlServer.cpp; sourceTree = SOURCE_ROOT; };
		9ED9D46B0CA1622F00B0FC71 /* CslListCtrlServer.h */ = {isa = PBXFileReference; fileEncoding = 4; lastKnownFileType = sourcecode.c.h; name = CslListCtrlServer.h; path = ../src/CslListCtrlServer.h; sourceTree = SOURCE_ROOT; };
		9ED9D46C0CA1622F00B0FC71 /* CslMenu.h */ = {isa = PBXFileReference; fileEncoding = 4; lastKnownFileType = sourcecode.c.h; name = CslMenu.h; path = ../src/CslMenu.h; sourceTree = SOURCE_ROOT; };
		9ED9D46D0CA1622F00B0FC71 /* CslSettings.h */ = {isa = PBXFileReference; fileEncoding = 4; lastKnownFileType = sourcecode.c.h; name = CslSettings.h; path = ../src/CslSettings.h; sourceTree = SOURCE_ROOT; };
		9ED9D46E0CA1622F00B0FC71 /* CslStatusBar.cpp */ = {isa = PBXFileReference; fileEncoding = 4; lastKnownFileType = sourcecode.cpp.cpp; name = CslStatusBar.cpp; path = ../src/CslStatusBar.cpp; sourceTree = SOURCE_ROOT; };
		9ED9D46F0CA1622F00B0FC71 /* CslStatusBar.h */ = {isa = PBXFileReference; fileEncoding = 4; lastKnownFileType = sourcecode.c.h; name = CslStatusBar.h; path = ../src/CslStatusBar.h; sourceTree = SOURCE_ROOT; };
		9EE748110F36182C006D6C8E /* CslApp.cpp */ = {isa = PBXFileReference; fileEncoding = 4; lastKnownFileType = sourcecode.cpp.cpp; name = CslApp.cpp; path = ../src/CslApp.cpp; sourceTree = SOURCE_ROOT; };
		9EE748120F36182C006D6C8E /* CslApp.h */ = {isa = PBXFileReference; fileEncoding = 4; lastKnownFileType = sourcecode.c.h; name = CslApp.h; path = ../src/CslApp.h; sourceTree = SOURCE_ROOT; };
		9EE748140F361857006D6C8E /* CslGameConnection.cpp */ = {isa = PBXFileReference; fileEncoding = 4; lastKnownFileType = sourcecode.cpp.cpp; name = CslGameConnection.cpp; path = ../src/CslGameConnection.cpp; sourceTree = SOURCE_ROOT; };
		9EE748150F361857006D6C8E /* CslGameConnection.h */ = {isa = PBXFileReference; fileEncoding = 4; lastKnownFileType = sourcecode.c.h; name = CslGameConnection.h; path = ../src/CslGameConnection.h; sourceTree = SOURCE_ROOT; };
		9EE748160F361857006D6C8E /* CslGameProcess.cpp */ = {isa = PBXFileReference; fileEncoding = 4; lastKnownFileType = sourcecode.cpp.cpp; name = CslGameProcess.cpp; path = ../src/CslGameProcess.cpp; sourceTree = SOURCE_ROOT; };
		9EE748170F361857006D6C8E /* CslGameProcess.h */ = {isa = PBXFileReference; fileEncoding = 4; lastKnownFileType = sourcecode.c.h; name = CslGameProcess.h; path = ../src/CslGameProcess.h; sourceTree = SOURCE_ROOT; };
		9EE748180F361857006D6C8E /* CslIPC.cpp */ = {isa = PBXFileReference; fileEncoding = 4; lastKnownFileType = sourcecode.cpp.cpp; name = CslIPC.cpp; path = ../src/CslIPC.cpp; sourceTree = SOURCE_ROOT; };
		9EE748190F361857006D6C8E /* CslIPC.h */ = {isa = PBXFileReference; fileEncoding = 4; lastKnownFileType = sourcecode.c.h; name = CslIPC.h; path = ../src/CslIPC.h; sourceTree = SOURCE_ROOT; };
		9EE7481A0F361857006D6C8E /* CslIRC.cpp */ = {isa = PBXFileReference; fileEncoding = 4; lastKnownFileType = sourcecode.cpp.cpp; name = CslIRC.cpp; path = ../src/CslIRC.cpp; sourceTree = SOURCE_ROOT; };
		9EE7481B0F361857006D6C8E /* CslIRC.h */ = {isa = PBXFileReference; fileEncoding = 4; lastKnownFileType = sourcecode.c.h; name = CslIRC.h; path = ../src/CslIRC.h; sourceTree = SOURCE_ROOT; };
		9EE7481C0F361857006D6C8E /* CslListCtrl.cpp */ = {isa = PBXFileReference; fileEncoding = 4; lastKnownFileType = sourcecode.cpp.cpp; name = CslListCtrl.cpp; path = ../src/CslListCtrl.cpp; sourceTree = SOURCE_ROOT; };
		9EE7481D0F361857006D6C8E /* CslListCtrl.h */ = {isa = PBXFileReference; fileEncoding = 4; lastKnownFileType = sourcecode.c.h; name = CslListCtrl.h; path = ../src/CslListCtrl.h; sourceTree = SOURCE_ROOT; };
		9EE7481E0F361857006D6C8E /* CslListCtrlCountry.cpp */ = {isa = PBXFileReference; fileEncoding = 4; lastKnownFileType = sourcecode.cpp.cpp; name = CslListCtrlCountry.cpp; path = ../src/CslListCtrlCountry.cpp; sourceTree = SOURCE_ROOT; };
		9EE7481F0F361857006D6C8E /* CslListCtrlCountry.h */ = {isa = PBXFileReference; fileEncoding = 4; lastKnownFileType = sourcecode.c.h; name = CslListCtrlCountry.h; path = ../src/CslListCtrlCountry.h; sourceTree = SOURCE_ROOT; };
		9EE748200F361857006D6C8E /* CslListCtrlPlayerSearch.cpp */ = {isa = PBXFileReference; fileEncoding = 4; lastKnownFileType = sourcecode.cpp.cpp; name = CslListCtrlPlayerSearch.cpp; path = ../src/CslListCtrlPlayerSearch.cpp; sourceTree = SOURCE_ROOT; };
		9EE748210F361857006D6C8E /* CslListCtrlPlayerSearch.h */ = {isa = PBXFileReference; fileEncoding = 4; lastKnownFileType = sourcecode.c.h; name = CslListCtrlPlayerSearch.h; path = ../src/CslListCtrlPlayerSearch.h; sourceTree = SOURCE_ROOT; };
		9EE748290F361885006D6C8E /* CslIRCEngine.cpp */ = {isa = PBXFileReference; fileEncoding = 4; lastKnownFileType = sourcecode.cpp.cpp; name = CslIRCEngine.cpp; path = ../src/irc/CslIRCEngine.cpp; sourceTree = SOURCE_ROOT; };
		9EE7482A0F361885006D6C8E /* CslIRCEngine.h */ = {isa = PBXFileReference; fileEncoding = 4; lastKnownFileType = sourcecode.c.h; name = CslIRCEngine.h; path = ../src/irc/CslIRCEngine.h; sourceTree = SOURCE_ROOT; };
		9EE7482C0F3618A3006D6C8E /* libircclient.c */ = {isa = PBXFileReference; fileEncoding = 4; lastKnownFileType = sourcecode.c.c; name = libircclient.c; path = ../src/irc/libircclient/src/libircclient.c; sourceTree = SOURCE_ROOT; };
		9EE7487C0F36219C006D6C8E /* CslVersionCheck.cpp */ = {isa = PBXFileReference; fileEncoding = 4; lastKnownFileType = sourcecode.cpp.cpp; name = CslVersionCheck.cpp; path = ../src/CslVersionCheck.cpp; sourceTree = SOURCE_ROOT; };
		9EE7487D0F36219C006D6C8E /* CslVersionCheck.h */ = {isa = PBXFileReference; fileEncoding = 4; lastKnownFileType = sourcecode.c.h; name = CslVersionCheck.h; path = ../src/CslVersionCheck.h; sourceTree = SOURCE_ROOT; };
		9EE88C4D0F375BA000B549BE /* wxWindows.xcodeproj */ = {isa = PBXFileReference; lastKnownFileType = "wrapper.pb-project"; name = wxWindows.xcodeproj; path = ../../../Toolkits/wxMac/src/wxWindows.xcodeproj; sourceTree = SOURCE_ROOT; };
		9EEA7A100F5EAD8C00A54722 /* CslTTS.cpp */ = {isa = PBXFileReference; fileEncoding = 4; lastKnownFileType = sourcecode.cpp.cpp; name = CslTTS.cpp; path = ../src/CslTTS.cpp; sourceTree = SOURCE_ROOT; };
		9EEA7A110F5EAD8C00A54722 /* CslTTS.h */ = {isa = PBXFileReference; fileEncoding = 4; lastKnownFileType = sourcecode.c.h; name = CslTTS.h; path = ../src/CslTTS.h; sourceTree = SOURCE_ROOT; };
		9EECE2850E1655C700B03192 /* QuickTime.framework */ = {isa = PBXFileReference; lastKnownFileType = wrapper.framework; name = QuickTime.framework; path = /Developer/SDKs/MacOSX10.4u.sdk/System/Library/Frameworks/QuickTime.framework; sourceTree = "<absolute>"; };
		9EF31B7C0CE0C99900156B63 /* csl_icon_png.h */ = {isa = PBXFileReference; fileEncoding = 4; lastKnownFileType = sourcecode.c.h; name = csl_icon_png.h; path = ../src/csl_icon_png.h; sourceTree = SOURCE_ROOT; };
		9EF31B7D0CE0C99900156B63 /* csl_logo_png.h */ = {isa = PBXFileReference; fileEncoding = 4; lastKnownFileType = sourcecode.c.h; name = csl_logo_png.h; path = ../src/csl_logo_png.h; sourceTree = SOURCE_ROOT; };
		9EF31B7E0CE0C99900156B63 /* CslDlgAbout.cpp */ = {isa = PBXFileReference; fileEncoding = 4; lastKnownFileType = sourcecode.cpp.cpp; name = CslDlgAbout.cpp; path = ../src/CslDlgAbout.cpp; sourceTree = SOURCE_ROOT; };
		9EF31B7F0CE0C99900156B63 /* CslDlgAbout.h */ = {isa = PBXFileReference; fileEncoding = 4; lastKnownFileType = sourcecode.c.h; name = CslDlgAbout.h; path = ../src/CslDlgAbout.h; sourceTree = SOURCE_ROOT; };
		9EF31B820CE0C99900156B63 /* CslGeoIP.cpp */ = {isa = PBXFileReference; fileEncoding = 4; lastKnownFileType = sourcecode.cpp.cpp; name = CslGeoIP.cpp; path = ../src/CslGeoIP.cpp; sourceTree = SOURCE_ROOT; };
		9EF31B830CE0C99900156B63 /* CslGeoIP.h */ = {isa = PBXFileReference; fileEncoding = 4; lastKnownFileType = sourcecode.c.h; name = CslGeoIP.h; path = ../src/CslGeoIP.h; sourceTree = SOURCE_ROOT; };
		9EF31B840CE0C99900156B63 /* CslLicense.h */ = {isa = PBXFileReference; fileEncoding = 4; lastKnownFileType = sourcecode.c.h; name = CslLicense.h; path = ../src/CslLicense.h; sourceTree = SOURCE_ROOT; };
		9EF31B850CE0C99900156B63 /* CslPanelMap.cpp */ = {isa = PBXFileReference; fileEncoding = 4; lastKnownFileType = sourcecode.cpp.cpp; name = CslPanelMap.cpp; path = ../src/CslPanelMap.cpp; sourceTree = SOURCE_ROOT; };
		9EF31B860CE0C99900156B63 /* CslPanelMap.h */ = {isa = PBXFileReference; fileEncoding = 4; lastKnownFileType = sourcecode.c.h; name = CslPanelMap.h; path = ../src/CslPanelMap.h; sourceTree = SOURCE_ROOT; };
		9EF4F1F10CC386910044881A /* CslDlgConnectPass.cpp */ = {isa = PBXFileReference; fileEncoding = 4; lastKnownFileType = sourcecode.cpp.cpp; name = CslDlgConnectPass.cpp; path = ../src/CslDlgConnectPass.cpp; sourceTree = SOURCE_ROOT; };
		9EF4F1F20CC386910044881A /* CslDlgConnectPass.h */ = {isa = PBXFileReference; fileEncoding = 4; lastKnownFileType = sourcecode.c.h; name = CslDlgConnectPass.h; path = ../src/CslDlgConnectPass.h; sourceTree = SOURCE_ROOT; };
		9EF936340F3E1C6F00E5E1AE /* CslToolTip.cpp */ = {isa = PBXFileReference; fileEncoding = 4; lastKnownFileType = sourcecode.cpp.cpp; name = CslToolTip.cpp; path = ../src/CslToolTip.cpp; sourceTree = SOURCE_ROOT; };
		9EF936350F3E1C6F00E5E1AE /* CslToolTip.h */ = {isa = PBXFileReference; fileEncoding = 4; lastKnownFileType = sourcecode.c.h; name = CslToolTip.h; path = ../src/CslToolTip.h; sourceTree = SOURCE_ROOT; };
/* End PBXFileReference section */

/* Begin PBXFrameworksBuildPhase section */
		9ED9D4480CA161E000B0FC71 /* Frameworks */ = {
			isa = PBXFrameworksBuildPhase;
			buildActionMask = 2147483647;
			files = (
				9EE88C640F375CF000B549BE /* libwx_mac_static.a in Frameworks */,
				9ECC2F7C0CA1724E00578B5E /* Carbon.framework in Frameworks */,
				9ECC2F7E0CA1726200578B5E /* System.framework in Frameworks */,
				9ECC2F810CA172A500578B5E /* AppKit.framework in Frameworks */,
				9ECC2F840CA172BC00578B5E /* IOKit.framework in Frameworks */,
				9ECC2F870CA172E500578B5E /* WebKit.framework in Frameworks */,
				9ECC32970CA1A9EC00578B5E /* AGL.framework in Frameworks */,
				9ECC32990CA1AA3400578B5E /* OpenGL.framework in Frameworks */,
				9EECE2860E1655C700B03192 /* QuickTime.framework in Frameworks */,
			);
			runOnlyForDeploymentPostprocessing = 0;
		};
/* End PBXFrameworksBuildPhase section */

/* Begin PBXGroup section */
		9E374D870F8690100024ED42 /* Scripts */ = {
			isa = PBXGroup;
			children = (
				9E374D850F8690020024ED42 /* pbsetup.sh */,
			);
			name = Scripts;
			sourceTree = "<group>";
		};
		9ECC31360CA1A96D00578B5E /* External Frameworks and Libraries */ = {
			isa = PBXGroup;
			children = (
				9EECE2850E1655C700B03192 /* QuickTime.framework */,
				9ECC2F800CA172A500578B5E /* AppKit.framework */,
				9ECC32980CA1AA3400578B5E /* OpenGL.framework */,
				9ECC32960CA1A9EC00578B5E /* AGL.framework */,
				9ECC2F7B0CA1724E00578B5E /* Carbon.framework */,
				9ECC2F7D0CA1726200578B5E /* System.framework */,
				9ECC2F860CA172E500578B5E /* WebKit.framework */,
				9ECC2F830CA172BC00578B5E /* IOKit.framework */,
			);
			name = "External Frameworks and Libraries";
			sourceTree = "<group>";
		};
		9ED9D43A0CA161B500B0FC71 = {
			isa = PBXGroup;
			children = (
				9EE88C4D0F375BA000B549BE /* wxWindows.xcodeproj */,
				9EDC68A90CA1C2A4002A4C4B /* Resources */,
				9ECC31360CA1A96D00578B5E /* External Frameworks and Libraries */,
				9E374D870F8690100024ED42 /* Scripts */,
				9EDD44A70F4A999800BD4083 /* Sources */,
				9ED9D44B0CA161E000B0FC71 /* Products */,
			);
			sourceTree = "<group>";
		};
		9ED9D44B0CA161E000B0FC71 /* Products */ = {
			isa = PBXGroup;
			children = (
				9ED9D44A0CA161E000B0FC71 /* csl.app */,
			);
			name = Products;
			sourceTree = "<group>";
		};
		9EDC68A90CA1C2A4002A4C4B /* Resources */ = {
			isa = PBXGroup;
			children = (
				9E3B1E480CCE2BA800E6D4A2 /* maps */,
				9E015AE00CA569950029BEEF /* csl_mac.icns */,
				9ECC329A0CA1AA6800578B5E /* csl_start_sb.ogz */,
				9ECC329B0CA1AA6800578B5E /* GeoIP.dat */,
				9ED9D44D0CA161E000B0FC71 /* csl-Info.plist */,
			);
			name = Resources;
			sourceTree = "<group>";
		};
		9EDD44A70F4A999800BD4083 /* Sources */ = {
			isa = PBXGroup;
			children = (
				9E374D6E0F868D0E0024ED42 /* GeoIPInternal.c */,
				9EB2BDF30F84D90B0087A964 /* CslCharEncoding.cpp */,
				9EB2BDF40F84D90B0087A964 /* CslCharEncoding.h */,
				9EB2BDEB0F84D6D10087A964 /* Csl.h */,
				9EEA7A100F5EAD8C00A54722 /* CslTTS.cpp */,
				9EEA7A110F5EAD8C00A54722 /* CslTTS.h */,
				9EF936340F3E1C6F00E5E1AE /* CslToolTip.cpp */,
				9EF936350F3E1C6F00E5E1AE /* CslToolTip.h */,
				9EE7487C0F36219C006D6C8E /* CslVersionCheck.cpp */,
				9EE7487D0F36219C006D6C8E /* CslVersionCheck.h */,
				9EE7482C0F3618A3006D6C8E /* libircclient.c */,
				9EE748290F361885006D6C8E /* CslIRCEngine.cpp */,
				9EE7482A0F361885006D6C8E /* CslIRCEngine.h */,
				9EE748140F361857006D6C8E /* CslGameConnection.cpp */,
				9EE748150F361857006D6C8E /* CslGameConnection.h */,
				9EE748160F361857006D6C8E /* CslGameProcess.cpp */,
				9EE748170F361857006D6C8E /* CslGameProcess.h */,
				9EE748180F361857006D6C8E /* CslIPC.cpp */,
				9EE748190F361857006D6C8E /* CslIPC.h */,
				9EE7481A0F361857006D6C8E /* CslIRC.cpp */,
				9EE7481B0F361857006D6C8E /* CslIRC.h */,
				9EE7481C0F361857006D6C8E /* CslListCtrl.cpp */,
				9EE7481D0F361857006D6C8E /* CslListCtrl.h */,
				9EE7481E0F361857006D6C8E /* CslListCtrlCountry.cpp */,
				9EE7481F0F361857006D6C8E /* CslListCtrlCountry.h */,
				9EE748200F361857006D6C8E /* CslListCtrlPlayerSearch.cpp */,
				9EE748210F361857006D6C8E /* CslListCtrlPlayerSearch.h */,
				9EE748110F36182C006D6C8E /* CslApp.cpp */,
				9EE748120F36182C006D6C8E /* CslApp.h */,
				9ED018CC0E129AF2001D91F4 /* CslDlgTraffic.cpp */,
				9ED018CD0E129AF2001D91F4 /* CslDlgTraffic.h */,
				9ED018D00E129AF2001D91F4 /* CslListCtrlPlayer.cpp */,
				9ED018D10E129AF2001D91F4 /* CslListCtrlPlayer.h */,
				9ED018540E1297BC001D91F4 /* CslEngine.cpp */,
				9ED018550E1297BC001D91F4 /* CslEngine.h */,
				9ED018560E1297BC001D91F4 /* CslExtendedInfo.cpp */,
				9ED018570E1297BC001D91F4 /* CslExtendedInfo.h */,
				9ED018580E1297BC001D91F4 /* CslGame.cpp */,
				9ED018590E1297BD001D91F4 /* CslGame.h */,
				9ED0185A0E1297BD001D91F4 /* CslGameAssaultCube.cpp */,
				9ED0185B0E1297BD001D91F4 /* CslGameAssaultCube.h */,
				9ED0185C0E1297BD001D91F4 /* CslGameBloodFrontier.cpp */,
				9ED0185D0E1297BD001D91F4 /* CslGameBloodFrontier.h */,
				9ED0185E0E1297BD001D91F4 /* CslGameCube.cpp */,
				9ED0185F0E1297BD001D91F4 /* CslGameCube.h */,
				9ED018600E1297BD001D91F4 /* CslGameSauerbraten.cpp */,
				9ED018610E1297BD001D91F4 /* CslGameSauerbraten.h */,
				9ED018620E1297BD001D91F4 /* CslTools.cpp */,
				9ED018630E1297BD001D91F4 /* CslTools.h */,
				9ED018640E1297BD001D91F4 /* CslUDP.cpp */,
				9ED018650E1297BD001D91F4 /* CslUDP.h */,
				9ED018660E1297BD001D91F4 /* CslVersion.h */,
				9ED018670E1297BD001D91F4 /* cube_tools.cpp */,
				9ED018680E1297BD001D91F4 /* cube_tools.h */,
				9EF31B7C0CE0C99900156B63 /* csl_icon_png.h */,
				9EF31B7D0CE0C99900156B63 /* csl_logo_png.h */,
				9EF31B7E0CE0C99900156B63 /* CslDlgAbout.cpp */,
				9EF31B7F0CE0C99900156B63 /* CslDlgAbout.h */,
				9EF31B820CE0C99900156B63 /* CslGeoIP.cpp */,
				9EF31B830CE0C99900156B63 /* CslGeoIP.h */,
				9EF31B840CE0C99900156B63 /* CslLicense.h */,
				9EF31B850CE0C99900156B63 /* CslPanelMap.cpp */,
				9EF31B860CE0C99900156B63 /* CslPanelMap.h */,
				9ED9D4520CA1622F00B0FC71 /* CslArt.cpp */,
				9ED9D4530CA1622F00B0FC71 /* CslArt.h */,
				9ED9D4540CA1622F00B0FC71 /* CslDlgAddMaster.cpp */,
				9ED9D4550CA1622F00B0FC71 /* CslDlgAddMaster.h */,
				9ED9D4560CA1622F00B0FC71 /* CslDlgAddServer.cpp */,
				9ED9D4570CA1622F00B0FC71 /* CslDlgAddServer.h */,
				9EF4F1F10CC386910044881A /* CslDlgConnectPass.cpp */,
				9EF4F1F20CC386910044881A /* CslDlgConnectPass.h */,
				9ED9D4580CA1622F00B0FC71 /* CslDlgConnectWait.cpp */,
				9ED9D4590CA1622F00B0FC71 /* CslDlgConnectWait.h */,
				9ED9D45A0CA1622F00B0FC71 /* CslDlgExtended.cpp */,
				9ED9D45B0CA1622F00B0FC71 /* CslDlgExtended.h */,
				9ED9D45C0CA1622F00B0FC71 /* CslDlgGeneric.h */,
				9ED9D45D0CA1622F00B0FC71 /* CslDlgOutput.cpp */,
				9ED9D45E0CA1622F00B0FC71 /* CslDlgOutput.h */,
				9ED9D45F0CA1622F00B0FC71 /* CslDlgSettings.cpp */,
				9ED9D4600CA1622F00B0FC71 /* CslDlgSettings.h */,
				9ED9D4630CA1622F00B0FC71 /* CslFlags.h */,
				9ED9D4640CA1622F00B0FC71 /* CslFrame.cpp */,
				9ED9D4650CA1622F00B0FC71 /* CslFrame.h */,
				9ED9D4680CA1622F00B0FC71 /* CslListCtrlInfo.cpp */,
				9ED9D4690CA1622F00B0FC71 /* CslListCtrlInfo.h */,
				9ED9D46A0CA1622F00B0FC71 /* CslListCtrlServer.cpp */,
				9ED9D46B0CA1622F00B0FC71 /* CslListCtrlServer.h */,
				9E73FA0F0CA6EED200CA71BC /* CslMenu.cpp */,
				9ED9D46C0CA1622F00B0FC71 /* CslMenu.h */,
				9ED9D46D0CA1622F00B0FC71 /* CslSettings.h */,
				9ED9D46E0CA1622F00B0FC71 /* CslStatusBar.cpp */,
				9ED9D46F0CA1622F00B0FC71 /* CslStatusBar.h */,
			);
			name = Sources;
			sourceTree = "<group>";
		};
		9EE88C4E0F375BA000B549BE /* Products */ = {
			isa = PBXGroup;
			children = (
				9EE88C540F375BA000B549BE /* libwx_mac_static.a */,
				9EE88C560F375BA000B549BE /* libwx_mac.dylib */,
			);
			name = Products;
			sourceTree = "<group>";
		};
/* End PBXGroup section */

/* Begin PBXNativeTarget section */
		9ED9D4490CA161E000B0FC71 /* csl */ = {
			isa = PBXNativeTarget;
			buildConfigurationList = 9ED9D44E0CA161E000B0FC71 /* Build configuration list for PBXNativeTarget "csl" */;
			buildPhases = (
				9EF936480F3E1C7B00E5E1AE /* ShellScript */,
				9ED9D4460CA161E000B0FC71 /* Resources */,
				9ED9D4470CA161E000B0FC71 /* Sources */,
				9ED9D4480CA161E000B0FC71 /* Frameworks */,
			);
			buildRules = (
			);
			dependencies = (
			);
			name = csl;
			productName = csl;
			productReference = 9ED9D44A0CA161E000B0FC71 /* csl.app */;
			productType = "com.apple.product-type.application";
		};
/* End PBXNativeTarget section */

/* Begin PBXProject section */
		9ED9D43C0CA161B500B0FC71 /* Project object */ = {
			isa = PBXProject;
			buildConfigurationList = 9ED9D43D0CA161B500B0FC71 /* Build configuration list for PBXProject "csl" */;
			hasScannedForEncodings = 0;
			mainGroup = 9ED9D43A0CA161B500B0FC71;
			productRefGroup = 9ED9D44B0CA161E000B0FC71 /* Products */;
			projectDirPath = "";
			projectReferences = (
				{
					ProductGroup = 9EE88C4E0F375BA000B549BE /* Products */;
					ProjectRef = 9EE88C4D0F375BA000B549BE /* wxWindows.xcodeproj */;
				},
			);
			projectRoot = "";
			targets = (
				9ED9D4490CA161E000B0FC71 /* csl */,
			);
		};
/* End PBXProject section */

/* Begin PBXReferenceProxy section */
		9EE88C540F375BA000B549BE /* libwx_mac_static.a */ = {
			isa = PBXReferenceProxy;
			fileType = archive.ar;
			path = libwx_mac_static.a;
			remoteRef = 9EE88C530F375BA000B549BE /* PBXContainerItemProxy */;
			sourceTree = BUILT_PRODUCTS_DIR;
		};
		9EE88C560F375BA000B549BE /* libwx_mac.dylib */ = {
			isa = PBXReferenceProxy;
			fileType = "compiled.mach-o.dylib";
			path = libwx_mac.dylib;
			remoteRef = 9EE88C550F375BA000B549BE /* PBXContainerItemProxy */;
			sourceTree = BUILT_PRODUCTS_DIR;
		};
/* End PBXReferenceProxy section */

/* Begin PBXResourcesBuildPhase section */
		9ED9D4460CA161E000B0FC71 /* Resources */ = {
			isa = PBXResourcesBuildPhase;
			buildActionMask = 2147483647;
			files = (
				9ECC329C0CA1AA6800578B5E /* csl_start_sb.ogz in Resources */,
				9ECC329D0CA1AA6800578B5E /* GeoIP.dat in Resources */,
				9E015AE10CA569950029BEEF /* csl_mac.icns in Resources */,
				9E3B1E520CCE2BA800E6D4A2 /* maps in Resources */,
				9E374D860F8690020024ED42 /* pbsetup.sh in Resources */,
			);
			runOnlyForDeploymentPostprocessing = 0;
		};
/* End PBXResourcesBuildPhase section */

/* Begin PBXShellScriptBuildPhase section */
		9EF936480F3E1C7B00E5E1AE /* ShellScript */ = {
			isa = PBXShellScriptBuildPhase;
			buildActionMask = 2147483647;
			files = (
			);
			inputPaths = (
			);
			outputPaths = (
			);
			runOnlyForDeploymentPostprocessing = 0;
			shellPath = /bin/sh;
			shellScript = "$SRCROOT/../xcode/pbsetup.sh \"${SRCROOT}\" \"${SYMROOT}\"";
		};
/* End PBXShellScriptBuildPhase section */

/* Begin PBXSourcesBuildPhase section */
		9ED9D4470CA161E000B0FC71 /* Sources */ = {
			isa = PBXSourcesBuildPhase;
			buildActionMask = 2147483647;
			files = (
				9ED9D4760CA1622F00B0FC71 /* CslArt.cpp in Sources */,
				9ED9D4770CA1622F00B0FC71 /* CslDlgAddMaster.cpp in Sources */,
				9ED9D4780CA1622F00B0FC71 /* CslDlgAddServer.cpp in Sources */,
				9ED9D4790CA1622F00B0FC71 /* CslDlgConnectWait.cpp in Sources */,
				9ED9D47A0CA1622F00B0FC71 /* CslDlgExtended.cpp in Sources */,
				9ED9D47B0CA1622F00B0FC71 /* CslDlgOutput.cpp in Sources */,
				9ED9D47C0CA1622F00B0FC71 /* CslDlgSettings.cpp in Sources */,
				9ED9D47E0CA1622F00B0FC71 /* CslFrame.cpp in Sources */,
				9ED9D4800CA1622F00B0FC71 /* CslListCtrlInfo.cpp in Sources */,
				9ED9D4810CA1622F00B0FC71 /* CslListCtrlServer.cpp in Sources */,
				9ED9D4820CA1622F00B0FC71 /* CslStatusBar.cpp in Sources */,
				9E73FA100CA6EED200CA71BC /* CslMenu.cpp in Sources */,
				9EF4F1F40CC386910044881A /* CslDlgConnectPass.cpp in Sources */,
				9EF31B870CE0C99900156B63 /* CslDlgAbout.cpp in Sources */,
				9EF31B890CE0C99900156B63 /* CslGeoIP.cpp in Sources */,
				9EF31B8A0CE0C99900156B63 /* CslPanelMap.cpp in Sources */,
				9ED018690E1297BD001D91F4 /* CslEngine.cpp in Sources */,
				9ED0186A0E1297BD001D91F4 /* CslExtendedInfo.cpp in Sources */,
				9ED0186B0E1297BD001D91F4 /* CslGame.cpp in Sources */,
				9ED0186C0E1297BD001D91F4 /* CslGameAssaultCube.cpp in Sources */,
				9ED0186D0E1297BD001D91F4 /* CslGameBloodFrontier.cpp in Sources */,
				9ED0186E0E1297BD001D91F4 /* CslGameCube.cpp in Sources */,
				9ED0186F0E1297BD001D91F4 /* CslGameSauerbraten.cpp in Sources */,
				9ED018700E1297BD001D91F4 /* CslTools.cpp in Sources */,
				9ED018710E1297BD001D91F4 /* CslUDP.cpp in Sources */,
				9ED018720E1297BD001D91F4 /* cube_tools.cpp in Sources */,
				9ED018D20E129AF2001D91F4 /* CslDlgTraffic.cpp in Sources */,
				9ED018D50E129AF2001D91F4 /* CslListCtrlPlayer.cpp in Sources */,
				9EE748130F36182C006D6C8E /* CslApp.cpp in Sources */,
				9EE748220F361857006D6C8E /* CslGameConnection.cpp in Sources */,
				9EE748230F361857006D6C8E /* CslGameProcess.cpp in Sources */,
				9EE748240F361857006D6C8E /* CslIPC.cpp in Sources */,
				9EE748250F361857006D6C8E /* CslIRC.cpp in Sources */,
				9EE748260F361857006D6C8E /* CslListCtrl.cpp in Sources */,
				9EE748270F361857006D6C8E /* CslListCtrlCountry.cpp in Sources */,
				9EE748280F361857006D6C8E /* CslListCtrlPlayerSearch.cpp in Sources */,
				9EE7482B0F361885006D6C8E /* CslIRCEngine.cpp in Sources */,
				9EE7482D0F3618A3006D6C8E /* libircclient.c in Sources */,
				9EE7487E0F36219C006D6C8E /* CslVersionCheck.cpp in Sources */,
				9EF936360F3E1C6F00E5E1AE /* CslToolTip.cpp in Sources */,
				9EEA7A120F5EAD8C00A54722 /* CslTTS.cpp in Sources */,
				9EB2BDF50F84D90B0087A964 /* CslCharEncoding.cpp in Sources */,
				9E374D6F0F868D0E0024ED42 /* GeoIPInternal.c in Sources */,
			);
			runOnlyForDeploymentPostprocessing = 0;
		};
/* End PBXSourcesBuildPhase section */

/* Begin XCBuildConfiguration section */
		9ED9D43E0CA161B500B0FC71 /* Development */ = {
			isa = XCBuildConfiguration;
			buildSettings = {
				ARCHS = i386;
				COPY_PHASE_STRIP = NO;
				GCC_DYNAMIC_NO_PIC = YES;
				GCC_ENABLE_FIX_AND_CONTINUE = YES;
				GCC_INLINES_ARE_PRIVATE_EXTERN = YES;
				GCC_OPTIMIZATION_LEVEL = 0;
				GCC_PREPROCESSOR_DEFINITIONS = (
					NO_GCC_PRAGMA,
					__WXMAC__,
					"wxUSE_BASE=1",
					"_FILE_OFFSET_BITS=64",
					_LARGE_FILES,
					"__WXMAC_XCODE__=1",
					"WX_PRECOMP=1",
					MACOS_CLASSIC,
					"__WXDEBUG__=1",
				);
				GCC_SYMBOLS_PRIVATE_EXTERN = YES;
				GCC_VERSION_i386 = 4.0;
				GCC_VERSION_ppc = 3.3;
				GENERATE_PKGINFO_FILE = YES;
				MACOSX_DEPLOYMENT_TARGET_i386 = 10.4;
				MACOSX_DEPLOYMENT_TARGET_ppc = 10.3;
				OTHER_LDFLAGS = (
					"-liconv",
					"-lz",
				);
				PRODUCT_NAME = csl;
				SDKROOT = /Developer/SDKs/MacOSX10.4u.sdk;
				STRIP_INSTALLED_PRODUCT = NO;
			};
			name = Development;
		};
		9ED9D43F0CA161B500B0FC71 /* Deployment */ = {
			isa = XCBuildConfiguration;
			buildSettings = {
				ARCHS = (
					ppc,
					i386,
				);
				COPY_PHASE_STRIP = YES;
				GCC_ENABLE_FIX_AND_CONTINUE = NO;
				GCC_OPTIMIZATION_LEVEL = s;
				GCC_VERSION_i386 = 4.0;
				GCC_VERSION_ppc = 3.3;
				INFOPLIST_FILE = Info.plist;
				MACH_O_TYPE = mh_execute;
				MACOSX_DEPLOYMENT_TARGET_i386 = 10.4;
				MACOSX_DEPLOYMENT_TARGET_ppc = 10.3;
				OTHER_LDFLAGS = (
					"-liconv",
					"-lz",
				);
				PRODUCT_NAME = csl;
				SDKROOT = /Developer/SDKs/MacOSX10.4u.sdk;
			};
			name = Deployment;
		};
		9ED9D44F0CA161E000B0FC71 /* Development */ = {
			isa = XCBuildConfiguration;
			buildSettings = {
				GCC_PFE_FILE_C_DIALECTS = "c++";
				GCC_PRECOMPILE_PREFIX_HEADER = YES;
				GCC_PREFIX_HEADER = ../src/pch/Csl.h;
				GCC_PREPROCESSOR_DEFINITIONS = (
					NO_GCC_PRAGMA,
					__WXMAC__,
					"wxUSE_BASE=1",
					"_FILE_OFFSET_BITS=64",
					_LARGE_FILES,
					"__WXMAC_XCODE__=1",
					MACOS_CLASSIC,
					"__WXDEBUG__=1",
				);
				GCC_USE_GCC3_PFE_SUPPORT = YES;
				INFOPLIST_FILE = "csl-Info.plist";
				LIBRARY_SEARCH_PATHS = (
					"$(inherited)",
					"$(LIBRARY_SEARCH_PATHS_QUOTED_2)",
				);
				LIBRARY_SEARCH_PATHS_QUOTED_1 = "\"$(SRCROOT)/../../../Toolkits/wxMac/src/build/Deployment\"";
				LIBRARY_SEARCH_PATHS_QUOTED_2 = "\"$(SRCROOT)/../../../Toolkits/wxMac/src/build/Development\"";
				OTHER_CFLAGS = (
					"-D__WXDEBUG__",
					"-D__WXMAC__",
					"-D_FILE_OFFSET_BITS=64",
					"-D_LARGE_FILES",
					"-DNO_GCC_PRAGMA",
				);
				OTHER_CPLUSPLUSFLAGS = (
					"-D__WXDEBUG__",
					"-D__WXMAC__",
					"-D_FILE_OFFSET_BITS=64",
					"-D_LARGE_FILES",
					"-DNO_GCC_PRAGMA",
				);
				OTHER_LDFLAGS = (
					"-liconv",
					"-lz",
				);
				PREBINDING = NO;
				PRODUCT_NAME = csl;
				USER_HEADER_SEARCH_PATHS = "$(inherited) \"$(SRCROOT)/../../../Toolkits/wxMac/include\" ../src ../src/pch ../src/img/flags ../src/irc/libircclient/include";
				WARNING_CFLAGS = "-Wall";
			};
			name = Development;
		};
		9ED9D4500CA161E000B0FC71 /* Deployment */ = {
			isa = XCBuildConfiguration;
			buildSettings = {
				DEPLOYMENT_POSTPROCESSING = YES;
				FRAMEWORK_SEARCH_PATHS = (
					"$(inherited)",
					"$(FRAMEWORK_SEARCH_PATHS_QUOTED_1)",
				);
				GCC_GENERATE_DEBUGGING_SYMBOLS = NO;
				GCC_PFE_FILE_C_DIALECTS = "c++";
				GCC_PRECOMPILE_PREFIX_HEADER = YES;
				GCC_PREFIX_HEADER = ../src/pch/Csl.h;
				GCC_PREPROCESSOR_DEFINITIONS = (
					NO_GCC_PRAGMA,
					__WXMAC__,
					"wxUSE_BASE=1",
					"_FILE_OFFSET_BITS=64",
					_LARGE_FILES,
					"__WXMAC_XCODE__=1",
					MACOS_CLASSIC,
				);
				GCC_USE_GCC3_PFE_SUPPORT = YES;
				INFOPLIST_FILE = "csl-Info.plist";
				LIBRARY_SEARCH_PATHS = (
					"$(inherited)",
					"$(LIBRARY_SEARCH_PATHS_QUOTED_1)",
				);
				LIBRARY_SEARCH_PATHS_QUOTED_1 = "\"$(SRCROOT)/../../../Toolkits/wxMac/src/build/Deployment\"";
				LIBRARY_SEARCH_PATHS_QUOTED_2 = "\"$(SRCROOT)/../../../Toolkits/wxMac/src/build/Development\"";
				OTHER_CFLAGS = (
					"-D__WXMAC__",
					"-D_FILE_OFFSET_BITS=64",
					"-D_LARGE_FILES",
					"-DNO_GCC_PRAGMA",
				);
				OTHER_CPLUSPLUSFLAGS = (
					"-D__WXMAC__",
					"-D_FILE_OFFSET_BITS=64",
					"-D_LARGE_FILES",
					"-DNO_GCC_PRAGMA",
				);
				OTHER_LDFLAGS = (
					"-liconv",
					"-lz",
				);
				PREBINDING = NO;
				PRODUCT_NAME = csl;
				SEPARATE_STRIP = YES;
				USER_HEADER_SEARCH_PATHS = "$(inherited) \"$(SRCROOT)/../../../Toolkits/wxMac/include\" ../src ../src/pch ../src/img/flags ../src/irc/libircclient/include";
				WARNING_CFLAGS = "-Wall";
				WRAPPER_EXTENSION = app;
			};
			name = Deployment;
		};
/* End XCBuildConfiguration section */

/* Begin XCConfigurationList section */
		9ED9D43D0CA161B500B0FC71 /* Build configuration list for PBXProject "csl" */ = {
			isa = XCConfigurationList;
			buildConfigurations = (
				9ED9D43E0CA161B500B0FC71 /* Development */,
				9ED9D43F0CA161B500B0FC71 /* Deployment */,
			);
			defaultConfigurationIsVisible = 0;
			defaultConfigurationName = Development;
		};
		9ED9D44E0CA161E000B0FC71 /* Build configuration list for PBXNativeTarget "csl" */ = {
			isa = XCConfigurationList;
			buildConfigurations = (
				9ED9D44F0CA161E000B0FC71 /* Development */,
				9ED9D4500CA161E000B0FC71 /* Deployment */,
			);
			defaultConfigurationIsVisible = 0;
			defaultConfigurationName = Development;
		};
/* End XCConfigurationList section */
	};
	rootObject = 9ED9D43C0CA161B500B0FC71 /* Project object */;
}
