<?xml version="1.0" encoding="utf-8"?>
<Project ToolsVersion="4.0" xmlns="http://schemas.microsoft.com/developer/msbuild/2003">
  <ItemGroup>
    <Filter Include="Source">
      <UniqueIdentifier>{4FC737F1-C7A5-4376-A066-2A32D752A2FF}</UniqueIdentifier>
      <Extensions>cpp;c;cc;cxx;def;odl;idl;hpj;bat;asm;asmx</Extensions>
    </Filter>
    <Filter Include="Header">
      <UniqueIdentifier>{93995380-89BD-4b04-88EB-625FBE52EBFB}</UniqueIdentifier>
      <Extensions>h;hpp;hxx;hm;inl;inc;xsd</Extensions>
    </Filter>
    <Filter Include="Ressource">
      <UniqueIdentifier>{925b3b69-2e97-4e80-9136-89eaf480ca5a}</UniqueIdentifier>
    </Filter>
  </ItemGroup>
  <ItemGroup>
    <ClCompile Include="CslArt.cpp">
      <Filter>Source</Filter>
    </ClCompile>
    <ClCompile Include="CslGeoIP.cpp">
      <Filter>Source</Filter>
    </ClCompile>
    <ClCompile Include="CslGuiTools.cpp">
      <Filter>Source</Filter>
    </ClCompile>
    <ClCompile Include="CslListCtrl.cpp">
      <Filter>Source</Filter>
    </ClCompile>
    <ClCompile Include="CslMenu.cpp">
      <Filter>Source</Filter>
    </ClCompile>
    <ClCompile Include="CslPanelMap.cpp">
      <Filter>Source</Filter>
    </ClCompile>
    <ClCompile Include="CslToolTip.cpp">
      <Filter>Source</Filter>
    </ClCompile>
    <ClCompile Include="..\pch\pch.cpp">
      <Filter>Source</Filter>
    </ClCompile>
    <ClCompile Include="CslTTS.cpp">
      <Filter>Source</Filter>
    </ClCompile>
  </ItemGroup>
  <ItemGroup>
    <ClInclude Include="CslArt.h">
      <Filter>Header</Filter>
    </ClInclude>
    <ClInclude Include="CslGeoIP.h">
      <Filter>Header</Filter>
    </ClInclude>
    <ClInclude Include="CslGuiTools.h">
      <Filter>Header</Filter>
    </ClInclude>
    <ClInclude Include="CslListCtrl.h">
      <Filter>Header</Filter>
    </ClInclude>
    <ClInclude Include="CslMenu.h">
      <Filter>Header</Filter>
    </ClInclude>
    <ClInclude Include="CslPanelMap.h">
      <Filter>Header</Filter>
    </ClInclude>
    <ClInclude Include="CslToolTip.h">
      <Filter>Header</Filter>
    </ClInclude>
    <ClInclude Include="CslTTS.h">
      <Filter>Header</Filter>
    </ClInclude>
  </ItemGroup>
  <ItemGroup>
    <ResourceCompile Include="..\csl.rc">
      <Filter>Ressource</Filter>
    </ResourceCompile>
  </ItemGroup>
</Project>